{
  "version": 4,
  "terraform_version": "1.9.8",
  "serial": 142,
  "lineage": "0dc2f3e4-106b-f958-d087-8fca0e746579",
  "outputs": {
    "acm_certificate_arn": {
      "value": "arn:aws:acm:ap-northeast-1:471112951833:certificate/e2e20d24-6509-4c10-a7ea-c4e3002847c6",
      "type": "string"
    },
    "acm_dns_validation_info": {
      "value": {
        "2509-hackz-ichthyo.ulxsth.com": {
          "validation_name": "_627fd10dd777ad24851021e029dedaac.2509-hackz-ichthyo.ulxsth.com.",
          "validation_type": "CNAME",
          "validation_value": "_014fcff074977649882c74d54da3b9fe.xlfgrmvvlj.acm-validations.aws."
        }
      },
      "type": [
        "object",
        {
          "2509-hackz-ichthyo.ulxsth.com": [
            "object",
            {
              "validation_name": "string",
              "validation_type": "string",
              "validation_value": "string"
            }
          ]
        }
      ]
    },
    "api_gateway_target_domain": {
      "value": {
        "hosted_zone_id": "Z1YSHQZHG15GKL",
        "target_domain_name": "d-b8sl54teeg.execute-api.ap-northeast-1.amazonaws.com"
      },
      "type": [
        "object",
        {
          "hosted_zone_id": "string",
          "target_domain_name": "string"
        }
      ]
    },
    "cfront_domain_name": {
      "value": "d3g7mz0xj2ilb4.cloudfront.net",
      "type": "string"
    },
    "websocket_url": {
      "value": "wss://2509-hackz-ichthyo.ulxsth.com/production",
      "type": "string"
    },
    "websocket_url_default": {
      "value": "wss://amsdtyktxi.execute-api.ap-northeast-1.amazonaws.com/production",
      "type": "string"
    }
  },
  "resources": [
    {
      "mode": "data",
      "type": "archive_file",
      "name": "cleanup_handler_zip",
      "provider": "provider[\"registry.terraform.io/hashicorp/archive\"]",
      "instances": [
        {
          "schema_version": 0,
          "attributes": {
            "exclude_symlink_directories": null,
            "excludes": [
              "*.zip",
              "go.sum"
            ],
            "id": "5b73f4b8fcc1d5b68e0951fe2211ea029e9d8b87",
            "output_base64sha256": "othplcq11LcEz3Twi2qPnGUHiKaRbtaKrRSQafQRmoY=",
            "output_base64sha512": "ElUgR9BMjvWQd1QuaMao8cB1cw/YUU6m6Q4W21KDGgFDUHDyDgiTdpRfXeqXPSvpc9QsZ52qlViqRUqnxyaZGQ==",
            "output_file_mode": null,
            "output_md5": "516503a3ea15d50ec35cd0faca8d31ed",
            "output_path": "./lambda/cleanup_handler.zip",
            "output_sha": "5b73f4b8fcc1d5b68e0951fe2211ea029e9d8b87",
            "output_sha256": "a2d86995cab5d4b704cf74f08b6a8f9c650788a6916ed68aad149069f4119a86",
            "output_sha512": "12552047d04c8ef59077542e68c6a8f1c075730fd8514ea6e90e16db52831a01435070f20e089376945f5dea973d2be973d42c679daa9558aa454aa7c7269919",
            "output_size": 8879363,
            "source": [],
            "source_content": null,
            "source_content_filename": null,
            "source_dir": "./lambda/cleanup_handler",
            "source_file": null,
            "type": "zip"
          },
          "sensitive_attributes": []
        }
      ]
    },
    {
      "mode": "data",
      "type": "archive_file",
      "name": "lambda_disconnect_zip",
      "provider": "provider[\"registry.terraform.io/hashicorp/archive\"]",
      "instances": [
        {
          "schema_version": 0,
          "attributes": {
            "exclude_symlink_directories": null,
            "excludes": null,
            "id": "c8084fca6918ef38f969efe0cfc6c60a2c9b9845",
            "output_base64sha256": "haJC3ij7LReqlYGXugckmNcgh01pMloaXYonTS95XZ8=",
            "output_base64sha512": "jknTsqJg2BIupZYkjuxRfcpUpEC3NpQO8jHsXkmlT/UTbVpk8x5tb0miJGghi5FhO1l/JpIlkjsjygdZNiHR7A==",
            "output_file_mode": null,
            "output_md5": "2d37fd2af575fe8ae09de16c3c26ec22",
            "output_path": "./lambda/disconnect_handler.zip",
            "output_sha": "c8084fca6918ef38f969efe0cfc6c60a2c9b9845",
            "output_sha256": "85a242de28fb2d17aa958197ba072498d720874d69325a1a5d8a274d2f795d9f",
            "output_sha512": "8e49d3b2a260d8122ea596248eec517dca54a440b736940ef231ec5e49a54ff5136d5a64f31e6d6f49a22468218b91613b597f269225923b23ca07593621d1ec",
            "output_size": 8862073,
            "source": [],
            "source_content": null,
            "source_content_filename": null,
            "source_dir": "./lambda/disconnect_handler",
            "source_file": null,
            "type": "zip"
          },
          "sensitive_attributes": []
        }
      ]
    },
    {
      "mode": "data",
      "type": "archive_file",
      "name": "lambda_game_zip",
      "provider": "provider[\"registry.terraform.io/hashicorp/archive\"]",
      "instances": [
        {
          "schema_version": 0,
          "attributes": {
            "exclude_symlink_directories": null,
            "excludes": null,
            "id": "40095b327ce10aec5b314d0836dfbb9a7dac0cd5",
            "output_base64sha256": "mCv9PY7VvUl5vx0lH+VvmDcs/YhZMXVEM0yUWdK1A9k=",
            "output_base64sha512": "BqRRU42+9Q0mxAovdTy7uoY+zYRLLm6ehE9hdzPkEDoALaHNLDT1jJER+msuiXLQrFb4+bLCAjDsfYjGz3xQrQ==",
            "output_file_mode": null,
            "output_md5": "2c4cd17456331aa831c559c98be42ab9",
            "output_path": "./lambda/game_handler.zip",
            "output_sha": "40095b327ce10aec5b314d0836dfbb9a7dac0cd5",
            "output_sha256": "982bfd3d8ed5bd4979bf1d251fe56f98372cfd8859317544334c9459d2b503d9",
            "output_sha512": "06a451538dbef50d26c40a2f753cbbba863ecd844b2e6e9e844f617733e4103a002da1cd2c34f58c9111fa6b2e8972d0ac56f8f9b2c20230ec7d88c6cf7c50ad",
            "output_size": 8900087,
            "source": [],
            "source_content": null,
            "source_content_filename": null,
            "source_dir": "./lambda/game_handler",
            "source_file": null,
            "type": "zip"
          },
          "sensitive_attributes": []
        }
      ]
    },
    {
      "mode": "data",
      "type": "archive_file",
      "name": "lambda_matchmaking_zip",
      "provider": "provider[\"registry.terraform.io/hashicorp/archive\"]",
      "instances": [
        {
          "schema_version": 0,
          "attributes": {
            "exclude_symlink_directories": null,
            "excludes": null,
            "id": "2bd55ca5a26ad53fb0db414fe4b35ea2970ac827",
            "output_base64sha256": "Fzj6o8njuhZjx3BgIjIq8WRp7p53UX7o9IH6EqHv0es=",
            "output_base64sha512": "ELIP7Wpb56LhT5fykloSCU73FiclTNS8dds3xVsLtaLVWG5mHD0Ad2GkTYnuaJCjRWvVgT8WhlJYT8pc9qfMnw==",
            "output_file_mode": null,
            "output_md5": "199a73729abb47a06db9fbb892d89219",
            "output_path": "./lambda/matchmaking_handler.zip",
            "output_sha": "2bd55ca5a26ad53fb0db414fe4b35ea2970ac827",
            "output_sha256": "1738faa3c9e3ba1663c7706022322af16469ee9e77517ee8f481fa12a1efd1eb",
            "output_sha512": "10b20fed6a5be7a2e14f97f2925a12094ef71627254cd4bc75db37c55b0bb5a2d5586e661c3d007761a44d89ee6890a3456bd5813f168652584fca5cf6a7cc9f",
            "output_size": 8896209,
            "source": [],
            "source_content": null,
            "source_content_filename": null,
            "source_dir": "./lambda/matchmaking_handler",
            "source_file": null,
            "type": "zip"
          },
          "sensitive_attributes": []
        }
      ]
    },
    {
      "mode": "data",
      "type": "archive_file",
      "name": "lambda_zip",
      "provider": "provider[\"registry.terraform.io/hashicorp/archive\"]",
      "instances": [
        {
          "schema_version": 0,
          "attributes": {
            "exclude_symlink_directories": null,
            "excludes": null,
            "id": "9fa2c280359e3ec2aef2184a57311ec42210f66a",
            "output_base64sha256": "zGRo+oMnQajRWPlIbrccaBLP2aW6xu+rsZAwRS23uBw=",
            "output_base64sha512": "zn4NIKxdrKXYHfo+QVAKNJ+Hwlr4awopCkOAK/kMTsfu73eMzJ+bm9M2O6VrSc5SWm3edp7KlC7eEWoJ36v30A==",
            "output_file_mode": null,
            "output_md5": "2a782e19903f4c6dfeb8804b4be3232c",
            "output_path": "./lambda/connect_handler.zip",
            "output_sha": "9fa2c280359e3ec2aef2184a57311ec42210f66a",
            "output_sha256": "cc6468fa832741a8d158f9486eb71c6812cfd9a5bac6efabb19030452db7b81c",
            "output_sha512": "ce7e0d20ac5daca5d81dfa3e41500a349f87c25af86b0a290a43802bf90c4ec7eeef778ccc9f9b9bd3363ba56b49ce525a6dde769eca942ede116a09dfabf7d0",
            "output_size": 8861410,
            "source": [],
            "source_content": null,
            "source_content_filename": null,
            "source_dir": "./lambda/connect_handler",
            "source_file": null,
            "type": "zip"
          },
          "sensitive_attributes": []
        }
      ]
    },
    {
      "mode": "data",
      "type": "aws_caller_identity",
      "name": "current",
      "provider": "provider[\"registry.terraform.io/hashicorp/aws\"]",
      "instances": [
        {
          "schema_version": 0,
          "attributes": {
            "account_id": "471112951833",
            "arn": "arn:aws:iam::471112951833:user/2509-hackz-ichthyo",
            "id": "471112951833",
            "user_id": "AIDAW3MEFFAMQUTOAVZ3D"
          },
          "sensitive_attributes": []
        }
      ]
    },
    {
      "mode": "data",
      "type": "aws_ecr_repository",
      "name": "hackz_ichthyo_ecr_repository",
      "provider": "provider[\"registry.terraform.io/hashicorp/aws\"]",
      "instances": [
        {
          "schema_version": 0,
          "attributes": {
            "arn": "arn:aws:ecr:ap-northeast-1:471112951833:repository/2509-hackz-ichthyo",
            "encryption_configuration": [
              {
                "encryption_type": "AES256",
                "kms_key": ""
              }
            ],
            "id": "2509-hackz-ichthyo",
            "image_scanning_configuration": [
              {
                "scan_on_push": false
              }
            ],
            "image_tag_mutability": "MUTABLE",
            "most_recent_image_tags": [
              "latest"
            ],
            "name": "2509-hackz-ichthyo",
            "registry_id": "471112951833",
            "repository_url": "471112951833.dkr.ecr.ap-northeast-1.amazonaws.com/2509-hackz-ichthyo",
            "tags": {}
          },
          "sensitive_attributes": []
        }
      ]
    },
    {
      "mode": "data",
      "type": "aws_iam_policy_document",
      "name": "assume_role_policy",
      "provider": "provider[\"registry.terraform.io/hashicorp/aws\"]",
      "instances": [
        {
          "schema_version": 0,
          "attributes": {
            "id": "1077804475",
            "json": "{\n  \"Version\": \"2012-10-17\",\n  \"Statement\": [\n    {\n      \"Effect\": \"Allow\",\n      \"Action\": \"sts:AssumeRole\",\n      \"Principal\": {\n        \"Service\": \"ecs-tasks.amazonaws.com\"\n      }\n    }\n  ]\n}",
            "override_policy_documents": null,
            "policy_id": null,
            "source_policy_documents": null,
            "statement": [
              {
                "actions": [
                  "sts:AssumeRole"
                ],
                "condition": [],
                "effect": "Allow",
                "not_actions": [],
                "not_principals": [],
                "not_resources": [],
                "principals": [
                  {
                    "identifiers": [
                      "ecs-tasks.amazonaws.com"
                    ],
                    "type": "Service"
                  }
                ],
                "resources": [],
                "sid": ""
              }
            ],
            "version": "2012-10-17"
          },
          "sensitive_attributes": []
        }
      ]
    },
    {
      "mode": "data",
      "type": "aws_iam_policy_document",
      "name": "policy_document",
      "provider": "provider[\"registry.terraform.io/hashicorp/aws\"]",
      "instances": [
        {
          "schema_version": 0,
          "attributes": {
            "id": "3415200289",
            "json": "{\n  \"Version\": \"2012-10-17\",\n  \"Statement\": [\n    {\n      \"Effect\": \"Allow\",\n      \"Action\": \"s3:GetObject\",\n      \"Resource\": [\n        \"arn:aws:s3:::hackz-ichthyo-bucket/*\",\n        \"arn:aws:s3:::hackz-ichthyo-bucket\"\n      ],\n      \"Principal\": {\n        \"Service\": \"cloudfront.amazonaws.com\"\n      },\n      \"Condition\": {\n        \"StringEquals\": {\n          \"aws:SourceArn\": \"arn:aws:cloudfront::471112951833:distribution/E1GTK3X6U8VI3K\"\n        }\n      }\n    }\n  ]\n}",
            "override_policy_documents": null,
            "policy_id": null,
            "source_policy_documents": null,
            "statement": [
              {
                "actions": [
                  "s3:GetObject"
                ],
                "condition": [
                  {
                    "test": "StringEquals",
                    "values": [
                      "arn:aws:cloudfront::471112951833:distribution/E1GTK3X6U8VI3K"
                    ],
                    "variable": "aws:SourceArn"
                  }
                ],
                "effect": "Allow",
                "not_actions": [],
                "not_principals": [],
                "not_resources": [],
                "principals": [
                  {
                    "identifiers": [
                      "cloudfront.amazonaws.com"
                    ],
                    "type": "Service"
                  }
                ],
                "resources": [
                  "arn:aws:s3:::hackz-ichthyo-bucket",
                  "arn:aws:s3:::hackz-ichthyo-bucket/*"
                ],
                "sid": ""
              }
            ],
            "version": "2012-10-17"
          },
          "sensitive_attributes": []
        }
      ]
    },
    {
      "mode": "data",
      "type": "aws_region",
      "name": "current",
      "provider": "provider[\"registry.terraform.io/hashicorp/aws\"]",
      "instances": [
        {
          "schema_version": 0,
          "attributes": {
            "description": "Asia Pacific (Tokyo)",
            "endpoint": "ec2.ap-northeast-1.amazonaws.com",
            "id": "ap-northeast-1",
            "name": "ap-northeast-1"
          },
          "sensitive_attributes": []
        }
      ]
    },
    {
      "mode": "managed",
      "type": "aws_acm_certificate",
      "name": "websocket_cert",
      "provider": "provider[\"registry.terraform.io/hashicorp/aws\"]",
      "instances": [
        {
          "schema_version": 0,
          "attributes": {
            "arn": "arn:aws:acm:ap-northeast-1:471112951833:certificate/e2e20d24-6509-4c10-a7ea-c4e3002847c6",
            "certificate_authority_arn": "",
            "certificate_body": null,
            "certificate_chain": null,
            "domain_name": "2509-hackz-ichthyo.ulxsth.com",
            "domain_validation_options": [
              {
                "domain_name": "2509-hackz-ichthyo.ulxsth.com",
                "resource_record_name": "_627fd10dd777ad24851021e029dedaac.2509-hackz-ichthyo.ulxsth.com.",
                "resource_record_type": "CNAME",
                "resource_record_value": "_014fcff074977649882c74d54da3b9fe.xlfgrmvvlj.acm-validations.aws."
              }
            ],
            "early_renewal_duration": "",
            "id": "arn:aws:acm:ap-northeast-1:471112951833:certificate/e2e20d24-6509-4c10-a7ea-c4e3002847c6",
            "key_algorithm": "RSA_2048",
            "not_after": "2026-10-16T23:59:59Z",
            "not_before": "2025-09-17T00:00:00Z",
            "options": [
              {
                "certificate_transparency_logging_preference": "ENABLED"
              }
            ],
            "pending_renewal": false,
            "private_key": null,
            "renewal_eligibility": "ELIGIBLE",
            "renewal_summary": [],
            "status": "ISSUED",
            "subject_alternative_names": [
              "2509-hackz-ichthyo.ulxsth.com"
            ],
            "tags": {
              "Domain": "2509-hackz-ichthyo.ulxsth.com",
              "Environment": "hackathon",
              "Project": "ichthyo-reversi"
            },
            "tags_all": {
              "Domain": "2509-hackz-ichthyo.ulxsth.com",
              "Environment": "hackathon",
              "Project": "ichthyo-reversi"
            },
            "type": "AMAZON_ISSUED",
            "validation_emails": [],
            "validation_method": "DNS",
            "validation_option": []
          },
          "sensitive_attributes": [
            [
              {
                "type": "get_attr",
                "value": "private_key"
              }
            ]
          ],
          "private": "bnVsbA==",
          "create_before_destroy": true
        }
      ]
    },
    {
      "mode": "managed",
      "type": "aws_acm_certificate_validation",
      "name": "websocket_cert_validation",
      "provider": "provider[\"registry.terraform.io/hashicorp/aws\"]",
      "instances": [
        {
          "schema_version": 0,
          "attributes": {
            "certificate_arn": "arn:aws:acm:ap-northeast-1:471112951833:certificate/e2e20d24-6509-4c10-a7ea-c4e3002847c6",
            "id": "2025-09-17 02:32:56.848 +0000 UTC",
            "timeouts": {
              "create": "10m"
            },
            "validation_record_fqdns": null
          },
          "sensitive_attributes": [],
          "private": "eyJlMmJmYjczMC1lY2FhLTExZTYtOGY4OC0zNDM2M2JjN2M0YzAiOnsiY3JlYXRlIjo2MDAwMDAwMDAwMDB9fQ==",
          "dependencies": [
            "aws_acm_certificate.websocket_cert"
          ]
        }
      ]
    },
    {
      "mode": "managed",
      "type": "aws_apigatewayv2_api",
      "name": "hackz_ichthyo_websocket",
      "provider": "provider[\"registry.terraform.io/hashicorp/aws\"]",
      "instances": [
        {
          "schema_version": 0,
          "attributes": {
            "api_endpoint": "wss://amsdtyktxi.execute-api.ap-northeast-1.amazonaws.com",
            "api_key_selection_expression": "$request.header.x-api-key",
            "arn": "arn:aws:apigateway:ap-northeast-1::/apis/amsdtyktxi",
            "body": null,
            "cors_configuration": [],
            "credentials_arn": null,
            "description": "",
            "disable_execute_api_endpoint": false,
            "execution_arn": "arn:aws:execute-api:ap-northeast-1:471112951833:amsdtyktxi",
            "fail_on_warnings": null,
            "id": "amsdtyktxi",
            "name": "hackz_ichthyo-websocket",
            "protocol_type": "WEBSOCKET",
            "route_key": null,
            "route_selection_expression": "$request.body.action",
            "tags": {},
            "tags_all": {},
            "target": null,
            "version": ""
          },
          "sensitive_attributes": [],
          "private": "bnVsbA=="
        }
      ]
    },
    {
      "mode": "managed",
      "type": "aws_apigatewayv2_api_mapping",
      "name": "websocket_mapping",
      "provider": "provider[\"registry.terraform.io/hashicorp/aws\"]",
      "instances": [
        {
          "schema_version": 0,
          "attributes": {
            "api_id": "amsdtyktxi",
            "api_mapping_key": "",
            "domain_name": "2509-hackz-ichthyo.ulxsth.com",
            "id": "yflsoe",
            "stage": "production"
          },
          "sensitive_attributes": [],
          "private": "bnVsbA==",
          "dependencies": [
            "aws_acm_certificate.websocket_cert",
            "aws_acm_certificate_validation.websocket_cert_validation",
            "aws_apigatewayv2_api.hackz_ichthyo_websocket",
            "aws_apigatewayv2_domain_name.websocket_custom_domain",
            "aws_apigatewayv2_stage.hackz_ichthyo_stage"
          ]
        }
      ]
    },
    {
      "mode": "managed",
      "type": "aws_apigatewayv2_domain_name",
      "name": "websocket_custom_domain",
      "provider": "provider[\"registry.terraform.io/hashicorp/aws\"]",
      "instances": [
        {
          "schema_version": 0,
          "attributes": {
            "api_mapping_selection_expression": "$request.basepath",
            "arn": "arn:aws:apigateway:ap-northeast-1::/domainnames/2509-hackz-ichthyo.ulxsth.com",
            "domain_name": "2509-hackz-ichthyo.ulxsth.com",
            "domain_name_configuration": [
              {
                "certificate_arn": "arn:aws:acm:ap-northeast-1:471112951833:certificate/e2e20d24-6509-4c10-a7ea-c4e3002847c6",
                "endpoint_type": "REGIONAL",
                "hosted_zone_id": "Z1YSHQZHG15GKL",
                "ownership_verification_certificate_arn": "",
                "security_policy": "TLS_1_2",
                "target_domain_name": "d-b8sl54teeg.execute-api.ap-northeast-1.amazonaws.com"
              }
            ],
            "id": "2509-hackz-ichthyo.ulxsth.com",
            "mutual_tls_authentication": [],
            "tags": {
              "Environment": "hackathon",
              "Project": "ichthyo-reversi"
            },
            "tags_all": {
              "Environment": "hackathon",
              "Project": "ichthyo-reversi"
            },
            "timeouts": null
          },
          "sensitive_attributes": [],
          "private": "eyJlMmJmYjczMC1lY2FhLTExZTYtOGY4OC0zNDM2M2JjN2M0YzAiOnsiY3JlYXRlIjo2MDAwMDAwMDAwMDAsInVwZGF0ZSI6MzYwMDAwMDAwMDAwMH19",
          "dependencies": [
            "aws_acm_certificate.websocket_cert",
            "aws_acm_certificate_validation.websocket_cert_validation"
          ]
        }
      ]
    },
    {
      "mode": "managed",
      "type": "aws_apigatewayv2_integration",
      "name": "hackz_ichthyo_disconnect_integration",
      "provider": "provider[\"registry.terraform.io/hashicorp/aws\"]",
      "instances": [
        {
          "schema_version": 0,
          "attributes": {
            "api_id": "amsdtyktxi",
            "connection_id": "",
            "connection_type": "INTERNET",
            "content_handling_strategy": "",
            "credentials_arn": "",
            "description": "",
            "id": "j4t0jw7",
            "integration_method": "POST",
            "integration_response_selection_expression": "",
            "integration_subtype": "",
            "integration_type": "AWS_PROXY",
            "integration_uri": "arn:aws:apigateway:ap-northeast-1:lambda:path/2015-03-31/functions/arn:aws:lambda:ap-northeast-1:471112951833:function:hackz-ichthyo-websocket-disconnect/invocations",
            "passthrough_behavior": "WHEN_NO_MATCH",
            "payload_format_version": "1.0",
            "request_parameters": {},
            "request_templates": {},
            "response_parameters": [],
            "template_selection_expression": "",
            "timeout_milliseconds": 29000,
            "tls_config": []
          },
          "sensitive_attributes": [],
          "private": "bnVsbA==",
          "dependencies": [
            "aws_apigatewayv2_api.hackz_ichthyo_websocket",
            "aws_dynamodb_table.websocket_connections",
            "aws_iam_role.lambda_websocket_role",
            "aws_lambda_function.hackz_ichthyo_disconnect_handler",
            "data.archive_file.lambda_disconnect_zip"
          ]
        }
      ]
    },
    {
      "mode": "managed",
      "type": "aws_apigatewayv2_integration",
      "name": "hackz_ichthyo_game_integration",
      "provider": "provider[\"registry.terraform.io/hashicorp/aws\"]",
      "instances": [
        {
          "schema_version": 0,
          "attributes": {
            "api_id": "amsdtyktxi",
            "connection_id": "",
            "connection_type": "INTERNET",
            "content_handling_strategy": "",
            "credentials_arn": "",
            "description": "",
            "id": "d2g8gg2",
            "integration_method": "POST",
            "integration_response_selection_expression": "",
            "integration_subtype": "",
            "integration_type": "AWS_PROXY",
            "integration_uri": "arn:aws:apigateway:ap-northeast-1:lambda:path/2015-03-31/functions/arn:aws:lambda:ap-northeast-1:471112951833:function:hackz-ichthyo-websocket-game/invocations",
            "passthrough_behavior": "WHEN_NO_MATCH",
            "payload_format_version": "1.0",
            "request_parameters": {},
            "request_templates": {},
            "response_parameters": [],
            "template_selection_expression": "",
            "timeout_milliseconds": 29000,
            "tls_config": []
          },
          "sensitive_attributes": [],
          "private": "bnVsbA==",
          "dependencies": [
            "aws_apigatewayv2_api.hackz_ichthyo_websocket",
            "aws_dynamodb_table.game_service",
            "aws_iam_role.lambda_websocket_role",
            "aws_lambda_function.hackz_ichthyo_game_handler",
            "data.archive_file.lambda_game_zip"
          ]
        }
      ]
    },
    {
      "mode": "managed",
      "type": "aws_apigatewayv2_integration",
      "name": "hackz_ichthyo_integration",
      "provider": "provider[\"registry.terraform.io/hashicorp/aws\"]",
      "instances": [
        {
          "schema_version": 0,
          "attributes": {
            "api_id": "amsdtyktxi",
            "connection_id": "",
            "connection_type": "INTERNET",
            "content_handling_strategy": "",
            "credentials_arn": "",
            "description": "",
            "id": "kipifyr",
            "integration_method": "POST",
            "integration_response_selection_expression": "",
            "integration_subtype": "",
            "integration_type": "AWS_PROXY",
            "integration_uri": "arn:aws:apigateway:ap-northeast-1:lambda:path/2015-03-31/functions/arn:aws:lambda:ap-northeast-1:471112951833:function:hackz-ichthyo-websocket-connect/invocations",
            "passthrough_behavior": "WHEN_NO_MATCH",
            "payload_format_version": "1.0",
            "request_parameters": {},
            "request_templates": {},
            "response_parameters": [],
            "template_selection_expression": "",
            "timeout_milliseconds": 29000,
            "tls_config": []
          },
          "sensitive_attributes": [],
          "private": "bnVsbA==",
          "dependencies": [
            "aws_apigatewayv2_api.hackz_ichthyo_websocket",
            "aws_dynamodb_table.websocket_connections",
            "aws_iam_role.lambda_websocket_role",
            "aws_lambda_function.hackz_ichthyo_connect_handler",
            "data.archive_file.lambda_zip"
          ]
        }
      ]
    },
    {
      "mode": "managed",
      "type": "aws_apigatewayv2_integration",
      "name": "hackz_ichthyo_matchmaking_integration",
      "provider": "provider[\"registry.terraform.io/hashicorp/aws\"]",
      "instances": [
        {
          "schema_version": 0,
          "attributes": {
            "api_id": "amsdtyktxi",
            "connection_id": "",
            "connection_type": "INTERNET",
            "content_handling_strategy": "",
            "credentials_arn": "",
            "description": "",
            "id": "k3yl1e0",
            "integration_method": "POST",
            "integration_response_selection_expression": "",
            "integration_subtype": "",
            "integration_type": "AWS_PROXY",
            "integration_uri": "arn:aws:apigateway:ap-northeast-1:lambda:path/2015-03-31/functions/arn:aws:lambda:ap-northeast-1:471112951833:function:hackz-ichthyo-websocket-matchmaking/invocations",
            "passthrough_behavior": "WHEN_NO_MATCH",
            "payload_format_version": "1.0",
            "request_parameters": {},
            "request_templates": {},
            "response_parameters": [],
            "template_selection_expression": "",
            "timeout_milliseconds": 29000,
            "tls_config": []
          },
          "sensitive_attributes": [],
          "private": "bnVsbA==",
          "dependencies": [
            "aws_apigatewayv2_api.hackz_ichthyo_websocket",
            "aws_dynamodb_table.game_service",
            "aws_iam_role.lambda_websocket_role",
            "aws_lambda_function.hackz_ichthyo_matchmaking_handler",
            "data.archive_file.lambda_matchmaking_zip"
          ]
        }
      ]
    },
    {
      "mode": "managed",
      "type": "aws_apigatewayv2_route",
      "name": "hackz_ichthyo_connect",
      "provider": "provider[\"registry.terraform.io/hashicorp/aws\"]",
      "instances": [
        {
          "schema_version": 0,
          "attributes": {
            "api_id": "amsdtyktxi",
            "api_key_required": false,
            "authorization_scopes": [],
            "authorization_type": "NONE",
            "authorizer_id": "",
            "id": "fbe4qqh",
            "model_selection_expression": "",
            "operation_name": "",
            "request_models": {},
            "request_parameter": [],
            "route_key": "$connect",
            "route_response_selection_expression": "",
            "target": "integrations/kipifyr"
          },
          "sensitive_attributes": [],
          "private": "bnVsbA==",
          "dependencies": [
            "aws_apigatewayv2_api.hackz_ichthyo_websocket",
            "aws_apigatewayv2_integration.hackz_ichthyo_integration",
            "aws_dynamodb_table.websocket_connections",
            "aws_iam_role.lambda_websocket_role",
            "aws_lambda_function.hackz_ichthyo_connect_handler",
            "data.archive_file.lambda_zip"
          ]
        }
      ]
    },
    {
      "mode": "managed",
      "type": "aws_apigatewayv2_route",
      "name": "hackz_ichthyo_disconnect",
      "provider": "provider[\"registry.terraform.io/hashicorp/aws\"]",
      "instances": [
        {
          "schema_version": 0,
          "attributes": {
            "api_id": "amsdtyktxi",
            "api_key_required": false,
            "authorization_scopes": [],
            "authorization_type": "NONE",
            "authorizer_id": "",
            "id": "4lvfai0",
            "model_selection_expression": "",
            "operation_name": "",
            "request_models": {},
            "request_parameter": [],
            "route_key": "$disconnect",
            "route_response_selection_expression": "",
            "target": "integrations/j4t0jw7"
          },
          "sensitive_attributes": [],
          "private": "bnVsbA==",
          "dependencies": [
            "aws_apigatewayv2_api.hackz_ichthyo_websocket",
            "aws_apigatewayv2_integration.hackz_ichthyo_disconnect_integration",
            "aws_dynamodb_table.websocket_connections",
            "aws_iam_role.lambda_websocket_role",
            "aws_lambda_function.hackz_ichthyo_disconnect_handler",
            "data.archive_file.lambda_disconnect_zip"
          ]
        }
      ]
    },
    {
      "mode": "managed",
      "type": "aws_apigatewayv2_route",
      "name": "hackz_ichthyo_joingame",
      "provider": "provider[\"registry.terraform.io/hashicorp/aws\"]",
      "instances": [
        {
          "schema_version": 0,
          "attributes": {
            "api_id": "amsdtyktxi",
            "api_key_required": false,
            "authorization_scopes": [],
            "authorization_type": "NONE",
            "authorizer_id": "",
            "id": "kyz1a2u",
            "model_selection_expression": "",
            "operation_name": "",
            "request_models": {},
            "request_parameter": [],
            "route_key": "joinGame",
            "route_response_selection_expression": "",
            "target": "integrations/k3yl1e0"
          },
          "sensitive_attributes": [],
          "private": "bnVsbA==",
          "dependencies": [
            "aws_apigatewayv2_api.hackz_ichthyo_websocket",
            "aws_apigatewayv2_integration.hackz_ichthyo_matchmaking_integration",
            "aws_dynamodb_table.game_service",
            "aws_iam_role.lambda_websocket_role",
            "aws_lambda_function.hackz_ichthyo_matchmaking_handler",
            "data.archive_file.lambda_matchmaking_zip"
          ]
        }
      ]
    },
    {
      "mode": "managed",
      "type": "aws_apigatewayv2_route",
      "name": "hackz_ichthyo_makemove",
      "provider": "provider[\"registry.terraform.io/hashicorp/aws\"]",
      "instances": [
        {
          "schema_version": 0,
          "attributes": {
            "api_id": "amsdtyktxi",
            "api_key_required": false,
            "authorization_scopes": [],
            "authorization_type": "NONE",
            "authorizer_id": "",
            "id": "hjo2ird",
            "model_selection_expression": "",
            "operation_name": "",
            "request_models": {},
            "request_parameter": [],
            "route_key": "makeMove",
            "route_response_selection_expression": "",
            "target": "integrations/d2g8gg2"
          },
          "sensitive_attributes": [],
          "private": "bnVsbA==",
          "dependencies": [
            "aws_apigatewayv2_api.hackz_ichthyo_websocket",
            "aws_apigatewayv2_integration.hackz_ichthyo_game_integration",
            "aws_dynamodb_table.game_service",
            "aws_iam_role.lambda_websocket_role",
            "aws_lambda_function.hackz_ichthyo_game_handler",
            "data.archive_file.lambda_game_zip"
          ]
        }
      ]
    },
    {
      "mode": "managed",
      "type": "aws_apigatewayv2_stage",
      "name": "hackz_ichthyo_stage",
      "provider": "provider[\"registry.terraform.io/hashicorp/aws\"]",
      "instances": [
        {
          "schema_version": 0,
          "attributes": {
            "access_log_settings": [],
            "api_id": "amsdtyktxi",
            "arn": "arn:aws:apigateway:ap-northeast-1::/apis/amsdtyktxi/stages/production",
            "auto_deploy": true,
            "client_certificate_id": "",
            "default_route_settings": [
              {
                "data_trace_enabled": false,
                "detailed_metrics_enabled": false,
                "logging_level": "OFF",
                "throttling_burst_limit": 5000,
                "throttling_rate_limit": 10000
              }
            ],
            "deployment_id": "a335p1",
            "description": "",
            "execution_arn": "arn:aws:execute-api:ap-northeast-1:471112951833:amsdtyktxi/production",
            "id": "production",
            "invoke_url": "wss://amsdtyktxi.execute-api.ap-northeast-1.amazonaws.com/production",
            "name": "production",
            "route_settings": [],
            "stage_variables": {},
            "tags": {
              "Environment": "hackathon",
              "Project": "ichthyo-reversi"
            },
            "tags_all": {
              "Environment": "hackathon",
              "Project": "ichthyo-reversi"
            }
          },
          "sensitive_attributes": [],
          "private": "bnVsbA==",
          "dependencies": [
            "aws_apigatewayv2_api.hackz_ichthyo_websocket"
          ]
        }
      ]
    },
    {
      "mode": "managed",
      "type": "aws_cloudfront_distribution",
      "name": "hackz_ichthyo_cfront",
      "provider": "provider[\"registry.terraform.io/hashicorp/aws\"]",
      "instances": [
        {
          "schema_version": 1,
          "attributes": {
            "aliases": [],
            "arn": "arn:aws:cloudfront::471112951833:distribution/E1GTK3X6U8VI3K",
            "caller_reference": "terraform-20250916081647692300000001",
            "comment": null,
            "custom_error_response": [],
            "default_cache_behavior": [
              {
                "allowed_methods": [
                  "GET",
                  "HEAD"
                ],
                "cache_policy_id": "",
                "cached_methods": [
                  "GET",
                  "HEAD"
                ],
                "compress": false,
                "default_ttl": 0,
                "field_level_encryption_id": "",
                "forwarded_values": [
                  {
                    "cookies": [
                      {
                        "forward": "none",
                        "whitelisted_names": []
                      }
                    ],
                    "headers": [],
                    "query_string": false,
                    "query_string_cache_keys": []
                  }
                ],
                "function_association": [],
                "lambda_function_association": [],
                "max_ttl": 0,
                "min_ttl": 0,
                "origin_request_policy_id": "",
                "realtime_log_config_arn": "",
                "response_headers_policy_id": "",
                "smooth_streaming": false,
                "target_origin_id": "hackz-ichthyo-bucket",
                "trusted_key_groups": [],
                "trusted_signers": [],
                "viewer_protocol_policy": "redirect-to-https"
              }
            ],
            "default_root_object": "index.html",
            "domain_name": "d3g7mz0xj2ilb4.cloudfront.net",
            "enabled": true,
            "etag": "E1H0NA98N00Q4V",
            "hosted_zone_id": "Z2FDTNDATAQYW2",
            "http_version": "http2",
            "id": "E1GTK3X6U8VI3K",
            "in_progress_validation_batches": 0,
            "is_ipv6_enabled": false,
            "last_modified_time": "2025-09-16 08:40:21.61 +0000 UTC",
            "logging_config": [],
            "ordered_cache_behavior": [],
            "origin": [
              {
                "connection_attempts": 3,
                "connection_timeout": 10,
                "custom_header": [],
                "custom_origin_config": [],
                "domain_name": "hackz-ichthyo-bucket.s3.ap-northeast-1.amazonaws.com",
                "origin_access_control_id": "E703JTIUA7BSB",
                "origin_id": "hackz-ichthyo-bucket",
                "origin_path": "",
                "origin_shield": [],
                "s3_origin_config": []
              }
            ],
            "origin_group": [],
            "price_class": "PriceClass_All",
            "restrictions": [
              {
                "geo_restriction": [
                  {
                    "locations": [],
                    "restriction_type": "none"
                  }
                ]
              }
            ],
            "retain_on_delete": false,
            "status": "Deployed",
            "tags": {},
            "tags_all": {},
            "trusted_key_groups": [
              {
                "enabled": false,
                "items": []
              }
            ],
            "trusted_signers": [
              {
                "enabled": false,
                "items": []
              }
            ],
            "viewer_certificate": [
              {
                "acm_certificate_arn": "",
                "cloudfront_default_certificate": true,
                "iam_certificate_id": "",
                "minimum_protocol_version": "TLSv1",
                "ssl_support_method": ""
              }
            ],
            "wait_for_deployment": true,
            "web_acl_id": ""
          },
          "sensitive_attributes": [],
          "private": "eyJzY2hlbWFfdmVyc2lvbiI6IjEifQ==",
          "dependencies": [
            "aws_cloudfront_origin_access_control.hackz_ichthyo_oac",
            "aws_s3_bucket.hackz_ichthyo_bucket"
          ]
        }
      ]
    },
    {
      "mode": "managed",
      "type": "aws_cloudfront_origin_access_control",
      "name": "hackz_ichthyo_oac",
      "provider": "provider[\"registry.terraform.io/hashicorp/aws\"]",
      "instances": [
        {
          "schema_version": 0,
          "attributes": {
            "description": "Managed by Terraform",
            "etag": "ETVPDKIKX0DER",
            "id": "E703JTIUA7BSB",
            "name": "hackz-ichthyo-bucket.s3.amazonaws.com",
            "origin_access_control_origin_type": "s3",
            "signing_behavior": "always",
            "signing_protocol": "sigv4"
          },
          "sensitive_attributes": [],
          "private": "bnVsbA==",
          "dependencies": [
            "aws_s3_bucket.hackz_ichthyo_bucket"
          ]
        }
      ]
    },
    {
      "mode": "managed",
      "type": "aws_cloudwatch_event_rule",
      "name": "cleanup_schedule",
      "provider": "provider[\"registry.terraform.io/hashicorp/aws\"]",
      "instances": [
        {
          "schema_version": 0,
          "attributes": {
            "arn": "arn:aws:events:ap-northeast-1:471112951833:rule/hackz-ichthyo-cleanup-schedule",
            "description": "Trigger cleanup handler every 5 minutes",
            "event_bus_name": "default",
            "event_pattern": null,
            "id": "hackz-ichthyo-cleanup-schedule",
            "is_enabled": true,
            "name": "hackz-ichthyo-cleanup-schedule",
            "name_prefix": "",
            "role_arn": "",
            "schedule_expression": "rate(5 minutes)",
            "tags": {
              "Environment": "hackathon",
              "Project": "ichthyo-reversi"
            },
            "tags_all": {
              "Environment": "hackathon",
              "Project": "ichthyo-reversi"
            }
          },
          "sensitive_attributes": [],
          "private": "bnVsbA=="
        }
      ]
    },
    {
      "mode": "managed",
      "type": "aws_cloudwatch_event_target",
      "name": "cleanup_target",
      "provider": "provider[\"registry.terraform.io/hashicorp/aws\"]",
      "instances": [
        {
          "schema_version": 1,
          "attributes": {
            "arn": "arn:aws:lambda:ap-northeast-1:471112951833:function:hackz-ichthyo-cleanup-handler",
            "batch_target": [],
            "dead_letter_config": [],
            "ecs_target": [],
            "event_bus_name": "default",
            "http_target": [],
            "id": "hackz-ichthyo-cleanup-schedule-CleanupHandlerTarget",
            "input": "",
            "input_path": "",
            "input_transformer": [],
            "kinesis_target": [],
            "redshift_target": [],
            "retry_policy": [],
            "role_arn": "",
            "rule": "hackz-ichthyo-cleanup-schedule",
            "run_command_targets": [],
            "sqs_target": [],
            "target_id": "CleanupHandlerTarget"
          },
          "sensitive_attributes": [],
          "private": "eyJzY2hlbWFfdmVyc2lvbiI6IjEifQ==",
          "dependencies": [
            "aws_cloudwatch_event_rule.cleanup_schedule",
            "aws_cloudwatch_log_group.cleanup_handler_logs",
            "aws_dynamodb_table.game_service",
            "aws_dynamodb_table.websocket_connections",
            "aws_iam_role.lambda_cleanup_role",
            "aws_iam_role_policy.lambda_cleanup_policy",
            "aws_lambda_function.cleanup_handler",
            "data.archive_file.cleanup_handler_zip"
          ]
        }
      ]
    },
    {
      "mode": "managed",
      "type": "aws_cloudwatch_log_group",
      "name": "cleanup_handler_logs",
      "provider": "provider[\"registry.terraform.io/hashicorp/aws\"]",
      "instances": [
        {
          "schema_version": 0,
          "attributes": {
            "arn": "arn:aws:logs:ap-northeast-1:471112951833:log-group:/aws/lambda/hackz-ichthyo-cleanup-handler",
            "id": "/aws/lambda/hackz-ichthyo-cleanup-handler",
            "kms_key_id": "",
            "name": "/aws/lambda/hackz-ichthyo-cleanup-handler",
            "name_prefix": "",
            "retention_in_days": 7,
            "skip_destroy": false,
            "tags": {
              "Environment": "hackathon",
              "Project": "ichthyo-reversi"
            },
            "tags_all": {
              "Environment": "hackathon",
              "Project": "ichthyo-reversi"
            }
          },
          "sensitive_attributes": [],
          "private": "bnVsbA=="
        }
      ]
    },
    {
      "mode": "managed",
      "type": "aws_cloudwatch_log_group",
      "name": "hackz_ichthyo_log_group",
      "provider": "provider[\"registry.terraform.io/hashicorp/aws\"]",
      "instances": [
        {
          "schema_version": 0,
          "attributes": {
            "arn": "arn:aws:logs:ap-northeast-1:471112951833:log-group:/ecs/hackz-ichthyo-ecs",
            "id": "/ecs/hackz-ichthyo-ecs",
            "kms_key_id": "",
            "name": "/ecs/hackz-ichthyo-ecs",
            "name_prefix": "",
            "retention_in_days": 30,
            "skip_destroy": false,
            "tags": {},
            "tags_all": {}
          },
          "sensitive_attributes": [],
          "private": "bnVsbA=="
        }
      ]
    },
    {
      "mode": "managed",
      "type": "aws_dynamodb_table",
      "name": "game_service",
      "provider": "provider[\"registry.terraform.io/hashicorp/aws\"]",
      "instances": [
        {
          "schema_version": 1,
          "attributes": {
            "arn": "arn:aws:dynamodb:ap-northeast-1:471112951833:table/game-service",
            "attribute": [
              {
                "name": "GSI1PK",
                "type": "S"
              },
              {
                "name": "GSI1SK",
                "type": "S"
              },
              {
                "name": "PK",
                "type": "S"
              },
              {
                "name": "SK",
                "type": "S"
              }
            ],
            "billing_mode": "PAY_PER_REQUEST",
            "deletion_protection_enabled": false,
            "global_secondary_index": [
              {
                "hash_key": "GSI1PK",
                "name": "GSI1",
                "non_key_attributes": [],
                "projection_type": "ALL",
                "range_key": "GSI1SK",
                "read_capacity": 0,
                "write_capacity": 0
              }
            ],
            "hash_key": "PK",
            "id": "game-service",
            "local_secondary_index": [],
            "name": "game-service",
            "point_in_time_recovery": [
              {
                "enabled": false
              }
            ],
            "range_key": "SK",
            "read_capacity": 0,
            "replica": [],
            "restore_date_time": null,
            "restore_source_name": null,
            "restore_to_latest_time": null,
            "server_side_encryption": [],
            "stream_arn": "",
            "stream_enabled": false,
            "stream_label": "",
            "stream_view_type": "",
            "table_class": "STANDARD",
            "tags": {
              "Environment": "hackathon",
              "Project": "ichthyo-reversi"
            },
            "tags_all": {
              "Environment": "hackathon",
              "Project": "ichthyo-reversi"
            },
            "timeouts": null,
            "ttl": [
              {
                "attribute_name": "",
                "enabled": false
              }
            ],
            "write_capacity": 0
          },
          "sensitive_attributes": [],
          "private": "eyJlMmJmYjczMC1lY2FhLTExZTYtOGY4OC0zNDM2M2JjN2M0YzAiOnsiY3JlYXRlIjoxODAwMDAwMDAwMDAwLCJkZWxldGUiOjYwMDAwMDAwMDAwMCwidXBkYXRlIjozNjAwMDAwMDAwMDAwfSwic2NoZW1hX3ZlcnNpb24iOiIxIn0="
        }
      ]
    },
    {
      "mode": "managed",
      "type": "aws_dynamodb_table",
      "name": "websocket_connections",
      "provider": "provider[\"registry.terraform.io/hashicorp/aws\"]",
      "instances": [
        {
          "schema_version": 1,
          "attributes": {
            "arn": "arn:aws:dynamodb:ap-northeast-1:471112951833:table/websocket-connections",
            "attribute": [
              {
                "name": "connectionId",
                "type": "S"
              }
            ],
            "billing_mode": "PAY_PER_REQUEST",
            "deletion_protection_enabled": false,
            "global_secondary_index": [],
            "hash_key": "connectionId",
            "id": "websocket-connections",
            "local_secondary_index": [],
            "name": "websocket-connections",
            "point_in_time_recovery": [
              {
                "enabled": false
              }
            ],
            "range_key": null,
            "read_capacity": 0,
            "replica": [],
            "restore_date_time": null,
            "restore_source_name": null,
            "restore_to_latest_time": null,
            "server_side_encryption": [],
            "stream_arn": "",
            "stream_enabled": false,
            "stream_label": "",
            "stream_view_type": "",
            "table_class": "STANDARD",
            "tags": {
              "Environment": "hackathon",
              "Project": "ichthyo-reversi"
            },
            "tags_all": {
              "Environment": "hackathon",
              "Project": "ichthyo-reversi"
            },
            "timeouts": null,
            "ttl": [
              {
                "attribute_name": "",
                "enabled": false
              }
            ],
            "write_capacity": 0
          },
          "sensitive_attributes": [],
          "private": "eyJlMmJmYjczMC1lY2FhLTExZTYtOGY4OC0zNDM2M2JjN2M0YzAiOnsiY3JlYXRlIjoxODAwMDAwMDAwMDAwLCJkZWxldGUiOjYwMDAwMDAwMDAwMCwidXBkYXRlIjozNjAwMDAwMDAwMDAwfSwic2NoZW1hX3ZlcnNpb24iOiIxIn0="
        }
      ]
    },
    {
      "mode": "managed",
      "type": "aws_ecs_cluster",
      "name": "hackz_ichthyo_ecs_cluster",
      "provider": "provider[\"registry.terraform.io/hashicorp/aws\"]",
      "instances": [
        {
          "schema_version": 0,
          "attributes": {
            "arn": "arn:aws:ecs:ap-northeast-1:471112951833:cluster/hackz-ichthyo-ecs-cluster",
            "configuration": [],
            "id": "arn:aws:ecs:ap-northeast-1:471112951833:cluster/hackz-ichthyo-ecs-cluster",
            "name": "hackz-ichthyo-ecs-cluster",
            "service_connect_defaults": [],
            "setting": [
              {
                "name": "containerInsights",
                "value": "disabled"
              }
            ],
            "tags": {},
            "tags_all": {}
          },
          "sensitive_attributes": [],
          "private": "bnVsbA=="
        }
      ]
    },
    {
      "mode": "managed",
      "type": "aws_ecs_service",
      "name": "hackz_ichthyo_ecs_service",
      "provider": "provider[\"registry.terraform.io/hashicorp/aws\"]",
      "instances": [
        {
          "schema_version": 0,
          "attributes": {
            "alarms": [],
            "capacity_provider_strategy": [],
            "cluster": "arn:aws:ecs:ap-northeast-1:471112951833:cluster/hackz-ichthyo-ecs-cluster",
            "deployment_circuit_breaker": [
              {
                "enable": false,
                "rollback": false
              }
            ],
            "deployment_controller": [
              {
                "type": "ECS"
              }
            ],
            "deployment_maximum_percent": 200,
            "deployment_minimum_healthy_percent": 100,
            "desired_count": 0,
            "enable_ecs_managed_tags": false,
            "enable_execute_command": false,
            "force_new_deployment": null,
            "health_check_grace_period_seconds": 0,
            "iam_role": "/aws-service-role/ecs.amazonaws.com/AWSServiceRoleForECS",
            "id": "arn:aws:ecs:ap-northeast-1:471112951833:service/hackz-ichthyo-ecs-cluster/hackz-ichthyo-ecs-service",
            "launch_type": "FARGATE",
            "load_balancer": [],
            "name": "hackz-ichthyo-ecs-service",
            "network_configuration": [
              {
                "assign_public_ip": true,
                "security_groups": [
                  "sg-0aa448b465683cdce"
                ],
                "subnets": [
                  "subnet-0080a133424f89abc"
                ]
              }
            ],
            "ordered_placement_strategy": [],
            "placement_constraints": [],
            "platform_version": "LATEST",
            "propagate_tags": "NONE",
            "scheduling_strategy": "REPLICA",
            "service_connect_configuration": [],
            "service_registries": [],
            "tags": {},
            "tags_all": {},
            "task_definition": "arn:aws:ecs:ap-northeast-1:471112951833:task-definition/hackz-ichthyo-ecs-task-definition:4",
            "timeouts": null,
            "triggers": {},
            "wait_for_steady_state": false
          },
          "sensitive_attributes": [],
          "private": "eyJlMmJmYjczMC1lY2FhLTExZTYtOGY4OC0zNDM2M2JjN2M0YzAiOnsiY3JlYXRlIjoxMjAwMDAwMDAwMDAwLCJkZWxldGUiOjEyMDAwMDAwMDAwMDAsInVwZGF0ZSI6MTIwMDAwMDAwMDAwMH19",
          "dependencies": [
            "aws_ecs_cluster.hackz_ichthyo_ecs_cluster",
            "aws_ecs_task_definition.hackz_ichthyo_ecs_task_definition",
            "aws_iam_role.hackz_ichthyo_ecs_task_execution_role",
            "aws_security_group.hackz_ichthyo_sg",
            "aws_subnet.hackz_ichthyo_subnet_public",
            "aws_vpc.hackz_ichthyo_vpc",
            "data.aws_iam_policy_document.assume_role_policy"
          ]
        }
      ]
    },
    {
      "mode": "managed",
      "type": "aws_ecs_task_definition",
      "name": "hackz_ichthyo_ecs_task_definition",
      "provider": "provider[\"registry.terraform.io/hashicorp/aws\"]",
      "instances": [
        {
          "schema_version": 1,
          "attributes": {
            "arn": "arn:aws:ecs:ap-northeast-1:471112951833:task-definition/hackz-ichthyo-ecs-task-definition:4",
            "arn_without_revision": "arn:aws:ecs:ap-northeast-1:471112951833:task-definition/hackz-ichthyo-ecs-task-definition",
            "container_definitions": "[{\"cpu\":256,\"environment\":[],\"essential\":true,\"image\":\"471112951833.dkr.ecr.ap-northeast-1.amazonaws.com/2509-hackz-ichthyo:latest\",\"logConfiguration\":{\"logDriver\":\"awslogs\",\"options\":{\"awslogs-group\":\"/ecs/hackz-ichthyo-ecs\",\"awslogs-region\":\"ap-northeast-1\",\"awslogs-stream-prefix\":\"ecs\"}},\"memory\":512,\"mountPoints\":[],\"name\":\"hackz-ichthyo-container\",\"portMappings\":[{\"containerPort\":3000,\"hostPort\":3000,\"protocol\":\"tcp\"}],\"systemControls\":[],\"volumesFrom\":[]}]",
            "cpu": "256",
            "ephemeral_storage": [],
            "execution_role_arn": "arn:aws:iam::471112951833:role/hackz-ichthyo-ecs-task-execution-role",
            "family": "hackz-ichthyo-ecs-task-definition",
            "id": "hackz-ichthyo-ecs-task-definition",
            "inference_accelerator": [],
            "ipc_mode": "",
            "memory": "512",
            "network_mode": "awsvpc",
            "pid_mode": "",
            "placement_constraints": [],
            "proxy_configuration": [],
            "requires_compatibilities": [
              "FARGATE"
            ],
            "revision": 4,
            "runtime_platform": [
              {
                "cpu_architecture": "X86_64",
                "operating_system_family": "LINUX"
              }
            ],
            "skip_destroy": false,
            "tags": {},
            "tags_all": {},
            "task_role_arn": "",
            "volume": []
          },
          "sensitive_attributes": [],
          "private": "eyJzY2hlbWFfdmVyc2lvbiI6IjEifQ==",
          "dependencies": [
            "aws_iam_role.hackz_ichthyo_ecs_task_execution_role",
            "data.aws_iam_policy_document.assume_role_policy"
          ]
        }
      ]
    },
    {
      "mode": "managed",
      "type": "aws_iam_role",
      "name": "hackz_ichthyo_ecs_task_execution_role",
      "provider": "provider[\"registry.terraform.io/hashicorp/aws\"]",
      "instances": [
        {
          "schema_version": 0,
          "attributes": {
            "arn": "arn:aws:iam::471112951833:role/hackz-ichthyo-ecs-task-execution-role",
            "assume_role_policy": "{\"Statement\":[{\"Action\":\"sts:AssumeRole\",\"Effect\":\"Allow\",\"Principal\":{\"Service\":\"ecs-tasks.amazonaws.com\"}}],\"Version\":\"2012-10-17\"}",
            "create_date": "2025-09-14T19:26:19Z",
            "description": "",
            "force_detach_policies": false,
            "id": "hackz-ichthyo-ecs-task-execution-role",
            "inline_policy": [],
            "managed_policy_arns": [
              "arn:aws:iam::aws:policy/service-role/AmazonECSTaskExecutionRolePolicy"
            ],
            "max_session_duration": 3600,
            "name": "hackz-ichthyo-ecs-task-execution-role",
            "name_prefix": "",
            "path": "/",
            "permissions_boundary": null,
            "tags": {},
            "tags_all": {},
            "unique_id": "AROAW3MEFFAM6ALSOVH3Y"
          },
          "sensitive_attributes": [],
          "private": "bnVsbA==",
          "dependencies": [
            "data.aws_iam_policy_document.assume_role_policy"
          ]
        }
      ]
    },
    {
      "mode": "managed",
      "type": "aws_iam_role",
      "name": "lambda_cleanup_role",
      "provider": "provider[\"registry.terraform.io/hashicorp/aws\"]",
      "instances": [
        {
          "schema_version": 0,
          "attributes": {
            "arn": "arn:aws:iam::471112951833:role/hackz-ichthyo-cleanup-lambda-role",
            "assume_role_policy": "{\"Statement\":[{\"Action\":\"sts:AssumeRole\",\"Effect\":\"Allow\",\"Principal\":{\"Service\":\"lambda.amazonaws.com\"}}],\"Version\":\"2012-10-17\"}",
            "create_date": "2025-09-17T02:12:30Z",
            "description": "",
            "force_detach_policies": false,
            "id": "hackz-ichthyo-cleanup-lambda-role",
            "inline_policy": [
              {
                "name": "hackz-ichthyo-cleanup-lambda-policy",
                "policy": "{\"Version\":\"2012-10-17\",\"Statement\":[{\"Action\":[\"dynamodb:Query\",\"dynamodb:Scan\",\"dynamodb:DeleteItem\",\"dynamodb:BatchWriteItem\"],\"Effect\":\"Allow\",\"Resource\":[\"arn:aws:dynamodb:ap-northeast-1:471112951833:table/game-service\",\"arn:aws:dynamodb:ap-northeast-1:471112951833:table/game-service/*\",\"arn:aws:dynamodb:ap-northeast-1:471112951833:table/websocket-connections\"]},{\"Action\":[\"logs:CreateLogGroup\",\"logs:CreateLogStream\",\"logs:PutLogEvents\"],\"Effect\":\"Allow\",\"Resource\":\"arn:aws:logs:*:*:*\"}]}"
              }
            ],
            "managed_policy_arns": [],
            "max_session_duration": 3600,
            "name": "hackz-ichthyo-cleanup-lambda-role",
            "name_prefix": "",
            "path": "/",
            "permissions_boundary": null,
            "tags": {
              "Environment": "hackathon",
              "Project": "ichthyo-reversi"
            },
            "tags_all": {
              "Environment": "hackathon",
              "Project": "ichthyo-reversi"
            },
            "unique_id": "AROAW3MEFFAM7RJZ25JDQ"
          },
          "sensitive_attributes": [],
          "private": "bnVsbA=="
        }
      ]
    },
    {
      "mode": "managed",
      "type": "aws_iam_role",
      "name": "lambda_websocket_role",
      "provider": "provider[\"registry.terraform.io/hashicorp/aws\"]",
      "instances": [
        {
          "schema_version": 0,
          "attributes": {
            "arn": "arn:aws:iam::471112951833:role/lambda-websocket-role",
            "assume_role_policy": "{\"Statement\":[{\"Action\":\"sts:AssumeRole\",\"Effect\":\"Allow\",\"Principal\":{\"Service\":\"lambda.amazonaws.com\"}}],\"Version\":\"2012-10-17\"}",
            "create_date": "2025-09-16T21:08:55Z",
            "description": "",
            "force_detach_policies": false,
            "id": "lambda-websocket-role",
            "inline_policy": [
              {
                "name": "lambda-websocket-policy",
                "policy": "{\"Version\":\"2012-10-17\",\"Statement\":[{\"Action\":[\"dynamodb:PutItem\",\"dynamodb:GetItem\",\"dynamodb:DeleteItem\",\"dynamodb:Scan\"],\"Effect\":\"Allow\",\"Resource\":\"arn:aws:dynamodb:ap-northeast-1:471112951833:table/websocket-connections\"},{\"Action\":[\"dynamodb:PutItem\",\"dynamodb:GetItem\",\"dynamodb:DeleteItem\",\"dynamodb:Query\",\"dynamodb:Scan\",\"dynamodb:UpdateItem\"],\"Effect\":\"Allow\",\"Resource\":[\"arn:aws:dynamodb:ap-northeast-1:471112951833:table/game-service\",\"arn:aws:dynamodb:ap-northeast-1:471112951833:table/game-service/*\"]},{\"Action\":[\"execute-api:ManageConnections\"],\"Effect\":\"Allow\",\"Resource\":\"arn:aws:execute-api:ap-northeast-1:471112951833:amsdtyktxi/*/*\"},{\"Action\":[\"logs:CreateLogGroup\",\"logs:CreateLogStream\",\"logs:PutLogEvents\"],\"Effect\":\"Allow\",\"Resource\":\"arn:aws:logs:*:*:*\"}]}"
              }
            ],
            "managed_policy_arns": [],
            "max_session_duration": 3600,
            "name": "lambda-websocket-role",
            "name_prefix": "",
            "path": "/",
            "permissions_boundary": null,
            "tags": {
              "Environment": "hackathon",
              "Project": "ichthyo-reversi"
            },
            "tags_all": {
              "Environment": "hackathon",
              "Project": "ichthyo-reversi"
            },
            "unique_id": "AROAW3MEFFAM5O7UQFQ5G"
          },
          "sensitive_attributes": [],
          "private": "bnVsbA=="
        }
      ]
    },
    {
      "mode": "managed",
      "type": "aws_iam_role_policy",
      "name": "lambda_cleanup_policy",
      "provider": "provider[\"registry.terraform.io/hashicorp/aws\"]",
      "instances": [
        {
          "schema_version": 0,
          "attributes": {
            "id": "hackz-ichthyo-cleanup-lambda-role:hackz-ichthyo-cleanup-lambda-policy",
            "name": "hackz-ichthyo-cleanup-lambda-policy",
            "name_prefix": null,
            "policy": "{\"Version\":\"2012-10-17\",\"Statement\":[{\"Action\":[\"dynamodb:Query\",\"dynamodb:Scan\",\"dynamodb:DeleteItem\",\"dynamodb:BatchWriteItem\"],\"Effect\":\"Allow\",\"Resource\":[\"arn:aws:dynamodb:ap-northeast-1:471112951833:table/game-service\",\"arn:aws:dynamodb:ap-northeast-1:471112951833:table/game-service/*\",\"arn:aws:dynamodb:ap-northeast-1:471112951833:table/websocket-connections\"]},{\"Action\":[\"logs:CreateLogGroup\",\"logs:CreateLogStream\",\"logs:PutLogEvents\"],\"Effect\":\"Allow\",\"Resource\":\"arn:aws:logs:*:*:*\"}]}",
            "role": "hackz-ichthyo-cleanup-lambda-role"
          },
          "sensitive_attributes": [],
          "private": "bnVsbA==",
          "dependencies": [
            "aws_dynamodb_table.game_service",
            "aws_dynamodb_table.websocket_connections",
            "aws_iam_role.lambda_cleanup_role"
          ]
        }
      ]
    },
    {
      "mode": "managed",
      "type": "aws_iam_role_policy",
      "name": "lambda_websocket_policy",
      "provider": "provider[\"registry.terraform.io/hashicorp/aws\"]",
      "instances": [
        {
          "schema_version": 0,
          "attributes": {
            "id": "lambda-websocket-role:lambda-websocket-policy",
            "name": "lambda-websocket-policy",
            "name_prefix": null,
            "policy": "{\"Version\":\"2012-10-17\",\"Statement\":[{\"Action\":[\"dynamodb:PutItem\",\"dynamodb:GetItem\",\"dynamodb:DeleteItem\",\"dynamodb:Scan\"],\"Effect\":\"Allow\",\"Resource\":\"arn:aws:dynamodb:ap-northeast-1:471112951833:table/websocket-connections\"},{\"Action\":[\"dynamodb:PutItem\",\"dynamodb:GetItem\",\"dynamodb:DeleteItem\",\"dynamodb:Query\",\"dynamodb:Scan\",\"dynamodb:UpdateItem\"],\"Effect\":\"Allow\",\"Resource\":[\"arn:aws:dynamodb:ap-northeast-1:471112951833:table/game-service\",\"arn:aws:dynamodb:ap-northeast-1:471112951833:table/game-service/*\"]},{\"Action\":[\"execute-api:ManageConnections\"],\"Effect\":\"Allow\",\"Resource\":\"arn:aws:execute-api:ap-northeast-1:471112951833:amsdtyktxi/*/*\"},{\"Action\":[\"logs:CreateLogGroup\",\"logs:CreateLogStream\",\"logs:PutLogEvents\"],\"Effect\":\"Allow\",\"Resource\":\"arn:aws:logs:*:*:*\"}]}",
            "role": "lambda-websocket-role"
          },
          "sensitive_attributes": [],
          "private": "bnVsbA==",
          "dependencies": [
            "aws_apigatewayv2_api.hackz_ichthyo_websocket",
            "aws_dynamodb_table.game_service",
            "aws_dynamodb_table.websocket_connections",
            "aws_iam_role.lambda_websocket_role"
          ]
        }
      ]
    },
    {
      "mode": "managed",
      "type": "aws_iam_role_policy_attachment",
      "name": "hackz_ichthyo_ecs_task_execution_role",
      "provider": "provider[\"registry.terraform.io/hashicorp/aws\"]",
      "instances": [
        {
          "schema_version": 0,
          "attributes": {
            "id": "hackz-ichthyo-ecs-task-execution-role-20250914192620292500000001",
            "policy_arn": "arn:aws:iam::aws:policy/service-role/AmazonECSTaskExecutionRolePolicy",
            "role": "hackz-ichthyo-ecs-task-execution-role"
          },
          "sensitive_attributes": [],
          "private": "bnVsbA==",
          "dependencies": [
            "aws_iam_role.hackz_ichthyo_ecs_task_execution_role",
            "data.aws_iam_policy_document.assume_role_policy"
          ]
        }
      ]
    },
    {
      "mode": "managed",
      "type": "aws_internet_gateway",
      "name": "hackz_ichthyo_igw",
      "provider": "provider[\"registry.terraform.io/hashicorp/aws\"]",
      "instances": [
        {
          "schema_version": 0,
          "attributes": {
            "arn": "arn:aws:ec2:ap-northeast-1:471112951833:internet-gateway/igw-06fe338b734bf2e18",
            "id": "igw-06fe338b734bf2e18",
            "owner_id": "471112951833",
            "tags": {
              "Name": "hackz-ichthyo-igw"
            },
            "tags_all": {
              "Name": "hackz-ichthyo-igw"
            },
            "timeouts": null,
            "vpc_id": "vpc-01795d2579227bbdb"
          },
          "sensitive_attributes": [],
          "private": "eyJlMmJmYjczMC1lY2FhLTExZTYtOGY4OC0zNDM2M2JjN2M0YzAiOnsiY3JlYXRlIjoxMjAwMDAwMDAwMDAwLCJkZWxldGUiOjEyMDAwMDAwMDAwMDAsInVwZGF0ZSI6MTIwMDAwMDAwMDAwMH19",
          "dependencies": [
            "aws_vpc.hackz_ichthyo_vpc"
          ]
        }
      ]
    },
    {
      "mode": "managed",
      "type": "aws_lambda_function",
      "name": "cleanup_handler",
      "provider": "provider[\"registry.terraform.io/hashicorp/aws\"]",
      "instances": [
        {
          "schema_version": 0,
          "attributes": {
            "architectures": [
              "x86_64"
            ],
            "arn": "arn:aws:lambda:ap-northeast-1:471112951833:function:hackz-ichthyo-cleanup-handler",
            "code_signing_config_arn": "",
            "dead_letter_config": [],
            "description": "",
            "environment": [
              {
                "variables": {
                  "GAME_SERVICE_TABLE_NAME": "game-service",
                  "WEBSOCKET_TABLE_NAME": "websocket-connections"
                }
              }
            ],
            "ephemeral_storage": [
              {
                "size": 512
              }
            ],
            "file_system_config": [],
            "filename": "./lambda/cleanup_handler.zip",
            "function_name": "hackz-ichthyo-cleanup-handler",
            "handler": "bootstrap",
            "id": "hackz-ichthyo-cleanup-handler",
            "image_config": [],
            "image_uri": "",
            "invoke_arn": "arn:aws:apigateway:ap-northeast-1:lambda:path/2015-03-31/functions/arn:aws:lambda:ap-northeast-1:471112951833:function:hackz-ichthyo-cleanup-handler/invocations",
            "kms_key_arn": "",
            "last_modified": "2025-09-17T03:31:57.000+0000",
            "layers": [],
            "memory_size": 128,
            "package_type": "Zip",
            "publish": false,
            "qualified_arn": "arn:aws:lambda:ap-northeast-1:471112951833:function:hackz-ichthyo-cleanup-handler:$LATEST",
            "qualified_invoke_arn": "arn:aws:apigateway:ap-northeast-1:lambda:path/2015-03-31/functions/arn:aws:lambda:ap-northeast-1:471112951833:function:hackz-ichthyo-cleanup-handler:$LATEST/invocations",
            "replace_security_groups_on_destroy": null,
            "replacement_security_group_ids": null,
            "reserved_concurrent_executions": -1,
            "role": "arn:aws:iam::471112951833:role/hackz-ichthyo-cleanup-lambda-role",
            "runtime": "provided.al2",
            "s3_bucket": null,
            "s3_key": null,
            "s3_object_version": null,
            "signing_job_arn": "",
            "signing_profile_version_arn": "",
            "skip_destroy": false,
            "snap_start": [],
            "source_code_hash": "othplcq11LcEz3Twi2qPnGUHiKaRbtaKrRSQafQRmoY=",
            "source_code_size": 8879363,
            "tags": {
              "Environment": "hackathon",
              "Project": "ichthyo-reversi"
            },
            "tags_all": {
              "Environment": "hackathon",
              "Project": "ichthyo-reversi"
            },
            "timeout": 300,
            "timeouts": null,
            "tracing_config": [
              {
                "mode": "PassThrough"
              }
            ],
            "version": "$LATEST",
            "vpc_config": []
          },
          "sensitive_attributes": [],
          "private": "eyJlMmJmYjczMC1lY2FhLTExZTYtOGY4OC0zNDM2M2JjN2M0YzAiOnsiY3JlYXRlIjo2MDAwMDAwMDAwMDAsImRlbGV0ZSI6NjAwMDAwMDAwMDAwLCJ1cGRhdGUiOjYwMDAwMDAwMDAwMH19",
          "dependencies": [
            "aws_cloudwatch_log_group.cleanup_handler_logs",
            "aws_dynamodb_table.game_service",
            "aws_dynamodb_table.websocket_connections",
            "aws_iam_role.lambda_cleanup_role",
            "aws_iam_role_policy.lambda_cleanup_policy",
            "data.archive_file.cleanup_handler_zip"
          ]
        }
      ]
    },
    {
      "mode": "managed",
      "type": "aws_lambda_function",
      "name": "hackz_ichthyo_connect_handler",
      "provider": "provider[\"registry.terraform.io/hashicorp/aws\"]",
      "instances": [
        {
          "schema_version": 0,
          "attributes": {
            "architectures": [
              "x86_64"
            ],
            "arn": "arn:aws:lambda:ap-northeast-1:471112951833:function:hackz-ichthyo-websocket-connect",
            "code_signing_config_arn": "",
            "dead_letter_config": [],
            "description": "",
            "environment": [
              {
                "variables": {
                  "DYNAMODB_TABLE_NAME": "websocket-connections"
                }
              }
            ],
            "ephemeral_storage": [
              {
                "size": 512
              }
            ],
            "file_system_config": [],
            "filename": "./lambda/connect_handler.zip",
            "function_name": "hackz-ichthyo-websocket-connect",
            "handler": "bootstrap",
            "id": "hackz-ichthyo-websocket-connect",
            "image_config": [],
            "image_uri": "",
            "invoke_arn": "arn:aws:apigateway:ap-northeast-1:lambda:path/2015-03-31/functions/arn:aws:lambda:ap-northeast-1:471112951833:function:hackz-ichthyo-websocket-connect/invocations",
            "kms_key_arn": "",
            "last_modified": "2025-09-16T22:32:27.000+0000",
            "layers": [],
            "memory_size": 128,
            "package_type": "Zip",
            "publish": false,
            "qualified_arn": "arn:aws:lambda:ap-northeast-1:471112951833:function:hackz-ichthyo-websocket-connect:$LATEST",
            "qualified_invoke_arn": "arn:aws:apigateway:ap-northeast-1:lambda:path/2015-03-31/functions/arn:aws:lambda:ap-northeast-1:471112951833:function:hackz-ichthyo-websocket-connect:$LATEST/invocations",
            "replace_security_groups_on_destroy": null,
            "replacement_security_group_ids": null,
            "reserved_concurrent_executions": -1,
            "role": "arn:aws:iam::471112951833:role/lambda-websocket-role",
            "runtime": "provided.al2",
            "s3_bucket": null,
            "s3_key": null,
            "s3_object_version": null,
            "signing_job_arn": "",
            "signing_profile_version_arn": "",
            "skip_destroy": false,
            "snap_start": [],
            "source_code_hash": "zGRo+oMnQajRWPlIbrccaBLP2aW6xu+rsZAwRS23uBw=",
            "source_code_size": 8861410,
            "tags": {
              "Environment": "hackathon",
              "Project": "ichthyo-reversi"
            },
            "tags_all": {
              "Environment": "hackathon",
              "Project": "ichthyo-reversi"
            },
            "timeout": 30,
            "timeouts": null,
            "tracing_config": [
              {
                "mode": "PassThrough"
              }
            ],
            "version": "$LATEST",
            "vpc_config": []
          },
          "sensitive_attributes": [],
          "private": "eyJlMmJmYjczMC1lY2FhLTExZTYtOGY4OC0zNDM2M2JjN2M0YzAiOnsiY3JlYXRlIjo2MDAwMDAwMDAwMDAsImRlbGV0ZSI6NjAwMDAwMDAwMDAwLCJ1cGRhdGUiOjYwMDAwMDAwMDAwMH19",
          "dependencies": [
            "aws_dynamodb_table.websocket_connections",
            "aws_iam_role.lambda_websocket_role",
            "data.archive_file.lambda_zip"
          ]
        }
      ]
    },
    {
      "mode": "managed",
      "type": "aws_lambda_function",
      "name": "hackz_ichthyo_disconnect_handler",
      "provider": "provider[\"registry.terraform.io/hashicorp/aws\"]",
      "instances": [
        {
          "schema_version": 0,
          "attributes": {
            "architectures": [
              "x86_64"
            ],
            "arn": "arn:aws:lambda:ap-northeast-1:471112951833:function:hackz-ichthyo-websocket-disconnect",
            "code_signing_config_arn": "",
            "dead_letter_config": [],
            "description": "",
            "environment": [
              {
                "variables": {
                  "DYNAMODB_TABLE_NAME": "websocket-connections"
                }
              }
            ],
            "ephemeral_storage": [
              {
                "size": 512
              }
            ],
            "file_system_config": [],
            "filename": "./lambda/disconnect_handler.zip",
            "function_name": "hackz-ichthyo-websocket-disconnect",
            "handler": "bootstrap",
            "id": "hackz-ichthyo-websocket-disconnect",
            "image_config": [],
            "image_uri": "",
            "invoke_arn": "arn:aws:apigateway:ap-northeast-1:lambda:path/2015-03-31/functions/arn:aws:lambda:ap-northeast-1:471112951833:function:hackz-ichthyo-websocket-disconnect/invocations",
            "kms_key_arn": "",
            "last_modified": "2025-09-16T23:41:37.000+0000",
            "layers": [],
            "memory_size": 128,
            "package_type": "Zip",
            "publish": false,
            "qualified_arn": "arn:aws:lambda:ap-northeast-1:471112951833:function:hackz-ichthyo-websocket-disconnect:$LATEST",
            "qualified_invoke_arn": "arn:aws:apigateway:ap-northeast-1:lambda:path/2015-03-31/functions/arn:aws:lambda:ap-northeast-1:471112951833:function:hackz-ichthyo-websocket-disconnect:$LATEST/invocations",
            "replace_security_groups_on_destroy": null,
            "replacement_security_group_ids": null,
            "reserved_concurrent_executions": -1,
            "role": "arn:aws:iam::471112951833:role/lambda-websocket-role",
            "runtime": "provided.al2",
            "s3_bucket": null,
            "s3_key": null,
            "s3_object_version": null,
            "signing_job_arn": "",
            "signing_profile_version_arn": "",
            "skip_destroy": false,
            "snap_start": [],
            "source_code_hash": "haJC3ij7LReqlYGXugckmNcgh01pMloaXYonTS95XZ8=",
            "source_code_size": 8862073,
            "tags": {
              "Environment": "hackathon",
              "Project": "ichthyo-reversi"
            },
            "tags_all": {
              "Environment": "hackathon",
              "Project": "ichthyo-reversi"
            },
            "timeout": 30,
            "timeouts": null,
            "tracing_config": [
              {
                "mode": "PassThrough"
              }
            ],
            "version": "$LATEST",
            "vpc_config": []
          },
          "sensitive_attributes": [],
          "private": "eyJlMmJmYjczMC1lY2FhLTExZTYtOGY4OC0zNDM2M2JjN2M0YzAiOnsiY3JlYXRlIjo2MDAwMDAwMDAwMDAsImRlbGV0ZSI6NjAwMDAwMDAwMDAwLCJ1cGRhdGUiOjYwMDAwMDAwMDAwMH19",
          "dependencies": [
            "aws_dynamodb_table.websocket_connections",
            "aws_iam_role.lambda_websocket_role",
            "data.archive_file.lambda_disconnect_zip"
          ]
        }
      ]
    },
    {
      "mode": "managed",
      "type": "aws_lambda_function",
      "name": "hackz_ichthyo_game_handler",
      "provider": "provider[\"registry.terraform.io/hashicorp/aws\"]",
      "instances": [
        {
          "schema_version": 0,
          "attributes": {
            "architectures": [
              "x86_64"
            ],
            "arn": "arn:aws:lambda:ap-northeast-1:471112951833:function:hackz-ichthyo-websocket-game",
            "code_signing_config_arn": "",
            "dead_letter_config": [],
            "description": "",
            "environment": [
              {
                "variables": {
                  "DYNAMODB_TABLE_NAME": "game-service"
                }
              }
            ],
            "ephemeral_storage": [
              {
                "size": 512
              }
            ],
            "file_system_config": [],
            "filename": "./lambda/game_handler.zip",
            "function_name": "hackz-ichthyo-websocket-game",
            "handler": "bootstrap",
            "id": "hackz-ichthyo-websocket-game",
            "image_config": [],
            "image_uri": "",
            "invoke_arn": "arn:aws:apigateway:ap-northeast-1:lambda:path/2015-03-31/functions/arn:aws:lambda:ap-northeast-1:471112951833:function:hackz-ichthyo-websocket-game/invocations",
            "kms_key_arn": "",
            "last_modified": "2025-09-17T09:03:39.000+0000",
            "layers": [],
            "memory_size": 128,
            "package_type": "Zip",
            "publish": false,
            "qualified_arn": "arn:aws:lambda:ap-northeast-1:471112951833:function:hackz-ichthyo-websocket-game:$LATEST",
            "qualified_invoke_arn": "arn:aws:apigateway:ap-northeast-1:lambda:path/2015-03-31/functions/arn:aws:lambda:ap-northeast-1:471112951833:function:hackz-ichthyo-websocket-game:$LATEST/invocations",
            "replace_security_groups_on_destroy": null,
            "replacement_security_group_ids": null,
            "reserved_concurrent_executions": -1,
            "role": "arn:aws:iam::471112951833:role/lambda-websocket-role",
            "runtime": "provided.al2",
            "s3_bucket": null,
            "s3_key": null,
            "s3_object_version": null,
            "signing_job_arn": "",
            "signing_profile_version_arn": "",
            "skip_destroy": false,
            "snap_start": [],
            "source_code_hash": "mCv9PY7VvUl5vx0lH+VvmDcs/YhZMXVEM0yUWdK1A9k=",
            "source_code_size": 8900087,
            "tags": {
              "Environment": "hackathon",
              "Project": "ichthyo-reversi"
            },
            "tags_all": {
              "Environment": "hackathon",
              "Project": "ichthyo-reversi"
            },
            "timeout": 30,
            "timeouts": null,
            "tracing_config": [
              {
                "mode": "PassThrough"
              }
            ],
            "version": "$LATEST",
            "vpc_config": []
          },
          "sensitive_attributes": [],
          "private": "eyJlMmJmYjczMC1lY2FhLTExZTYtOGY4OC0zNDM2M2JjN2M0YzAiOnsiY3JlYXRlIjo2MDAwMDAwMDAwMDAsImRlbGV0ZSI6NjAwMDAwMDAwMDAwLCJ1cGRhdGUiOjYwMDAwMDAwMDAwMH19",
          "dependencies": [
            "aws_dynamodb_table.game_service",
            "aws_iam_role.lambda_websocket_role",
            "data.archive_file.lambda_game_zip"
          ]
        }
      ]
    },
    {
      "mode": "managed",
      "type": "aws_lambda_function",
      "name": "hackz_ichthyo_matchmaking_handler",
      "provider": "provider[\"registry.terraform.io/hashicorp/aws\"]",
      "instances": [
        {
          "schema_version": 0,
          "attributes": {
            "architectures": [
              "x86_64"
            ],
            "arn": "arn:aws:lambda:ap-northeast-1:471112951833:function:hackz-ichthyo-websocket-matchmaking",
            "code_signing_config_arn": "",
            "dead_letter_config": [],
            "description": "",
            "environment": [
              {
                "variables": {
                  "DYNAMODB_TABLE_NAME": "game-service"
                }
              }
            ],
            "ephemeral_storage": [
              {
                "size": 512
              }
            ],
            "file_system_config": [],
            "filename": "./lambda/matchmaking_handler.zip",
            "function_name": "hackz-ichthyo-websocket-matchmaking",
            "handler": "bootstrap",
            "id": "hackz-ichthyo-websocket-matchmaking",
            "image_config": [],
            "image_uri": "",
            "invoke_arn": "arn:aws:apigateway:ap-northeast-1:lambda:path/2015-03-31/functions/arn:aws:lambda:ap-northeast-1:471112951833:function:hackz-ichthyo-websocket-matchmaking/invocations",
            "kms_key_arn": "",
            "last_modified": "2025-09-17T07:07:31.000+0000",
            "layers": [],
            "memory_size": 128,
            "package_type": "Zip",
            "publish": false,
            "qualified_arn": "arn:aws:lambda:ap-northeast-1:471112951833:function:hackz-ichthyo-websocket-matchmaking:$LATEST",
            "qualified_invoke_arn": "arn:aws:apigateway:ap-northeast-1:lambda:path/2015-03-31/functions/arn:aws:lambda:ap-northeast-1:471112951833:function:hackz-ichthyo-websocket-matchmaking:$LATEST/invocations",
            "replace_security_groups_on_destroy": null,
            "replacement_security_group_ids": null,
            "reserved_concurrent_executions": -1,
            "role": "arn:aws:iam::471112951833:role/lambda-websocket-role",
            "runtime": "provided.al2",
            "s3_bucket": null,
            "s3_key": null,
            "s3_object_version": null,
            "signing_job_arn": "",
            "signing_profile_version_arn": "",
            "skip_destroy": false,
            "snap_start": [],
            "source_code_hash": "Fzj6o8njuhZjx3BgIjIq8WRp7p53UX7o9IH6EqHv0es=",
            "source_code_size": 8896209,
            "tags": {
              "Environment": "hackathon",
              "Project": "ichthyo-reversi"
            },
            "tags_all": {
              "Environment": "hackathon",
              "Project": "ichthyo-reversi"
            },
            "timeout": 30,
            "timeouts": null,
            "tracing_config": [
              {
                "mode": "PassThrough"
              }
            ],
            "version": "$LATEST",
            "vpc_config": []
          },
          "sensitive_attributes": [],
          "private": "eyJlMmJmYjczMC1lY2FhLTExZTYtOGY4OC0zNDM2M2JjN2M0YzAiOnsiY3JlYXRlIjo2MDAwMDAwMDAwMDAsImRlbGV0ZSI6NjAwMDAwMDAwMDAwLCJ1cGRhdGUiOjYwMDAwMDAwMDAwMH19",
          "dependencies": [
            "aws_dynamodb_table.game_service",
            "aws_iam_role.lambda_websocket_role",
            "data.archive_file.lambda_matchmaking_zip"
          ]
        }
      ]
    },
    {
      "mode": "managed",
      "type": "aws_lambda_permission",
      "name": "allow_eventbridge_cleanup",
      "provider": "provider[\"registry.terraform.io/hashicorp/aws\"]",
      "instances": [
        {
          "schema_version": 0,
          "attributes": {
            "action": "lambda:InvokeFunction",
            "event_source_token": null,
            "function_name": "hackz-ichthyo-cleanup-handler",
            "function_url_auth_type": null,
            "id": "AllowExecutionFromEventBridge",
            "principal": "events.amazonaws.com",
            "principal_org_id": null,
            "qualifier": "",
            "source_account": null,
            "source_arn": "arn:aws:events:ap-northeast-1:471112951833:rule/hackz-ichthyo-cleanup-schedule",
            "statement_id": "AllowExecutionFromEventBridge",
            "statement_id_prefix": ""
          },
          "sensitive_attributes": [],
          "private": "bnVsbA==",
          "dependencies": [
            "aws_cloudwatch_event_rule.cleanup_schedule",
            "aws_cloudwatch_log_group.cleanup_handler_logs",
            "aws_dynamodb_table.game_service",
            "aws_dynamodb_table.websocket_connections",
            "aws_iam_role.lambda_cleanup_role",
            "aws_iam_role_policy.lambda_cleanup_policy",
            "aws_lambda_function.cleanup_handler",
            "data.archive_file.cleanup_handler_zip"
          ]
        }
      ]
    },
    {
      "mode": "managed",
      "type": "aws_lambda_permission",
      "name": "connect_handler",
      "provider": "provider[\"registry.terraform.io/hashicorp/aws\"]",
      "instances": [
        {
          "schema_version": 0,
          "attributes": {
            "action": "lambda:InvokeFunction",
            "event_source_token": null,
            "function_name": "hackz-ichthyo-websocket-connect",
            "function_url_auth_type": null,
            "id": "AllowExecutionFromAPIGateway",
            "principal": "apigateway.amazonaws.com",
            "principal_org_id": null,
            "qualifier": "",
            "source_account": null,
            "source_arn": "arn:aws:execute-api:ap-northeast-1:471112951833:amsdtyktxi/*/$connect",
            "statement_id": "AllowExecutionFromAPIGateway",
            "statement_id_prefix": ""
          },
          "sensitive_attributes": [],
          "private": "bnVsbA==",
          "dependencies": [
            "aws_apigatewayv2_api.hackz_ichthyo_websocket",
            "aws_dynamodb_table.websocket_connections",
            "aws_iam_role.lambda_websocket_role",
            "aws_lambda_function.hackz_ichthyo_connect_handler",
            "data.archive_file.lambda_zip",
            "data.aws_caller_identity.current",
            "data.aws_region.current"
          ]
        }
      ]
    },
    {
      "mode": "managed",
      "type": "aws_lambda_permission",
      "name": "disconnect_handler",
      "provider": "provider[\"registry.terraform.io/hashicorp/aws\"]",
      "instances": [
        {
          "schema_version": 0,
          "attributes": {
            "action": "lambda:InvokeFunction",
            "event_source_token": null,
            "function_name": "hackz-ichthyo-websocket-disconnect",
            "function_url_auth_type": null,
            "id": "AllowDisconnectExecutionFromAPIGateway",
            "principal": "apigateway.amazonaws.com",
            "principal_org_id": null,
            "qualifier": "",
            "source_account": null,
            "source_arn": "arn:aws:execute-api:ap-northeast-1:471112951833:amsdtyktxi/*/$disconnect",
            "statement_id": "AllowDisconnectExecutionFromAPIGateway",
            "statement_id_prefix": ""
          },
          "sensitive_attributes": [],
          "private": "bnVsbA==",
          "dependencies": [
            "aws_apigatewayv2_api.hackz_ichthyo_websocket",
            "aws_dynamodb_table.websocket_connections",
            "aws_iam_role.lambda_websocket_role",
            "aws_lambda_function.hackz_ichthyo_disconnect_handler",
            "data.archive_file.lambda_disconnect_zip",
            "data.aws_caller_identity.current",
            "data.aws_region.current"
          ]
        }
      ]
    },
    {
      "mode": "managed",
      "type": "aws_lambda_permission",
      "name": "game_handler",
      "provider": "provider[\"registry.terraform.io/hashicorp/aws\"]",
      "instances": [
        {
          "schema_version": 0,
          "attributes": {
            "action": "lambda:InvokeFunction",
            "event_source_token": null,
            "function_name": "hackz-ichthyo-websocket-game",
            "function_url_auth_type": null,
            "id": "AllowGameExecutionFromAPIGateway",
            "principal": "apigateway.amazonaws.com",
            "principal_org_id": null,
            "qualifier": "",
            "source_account": null,
            "source_arn": "arn:aws:execute-api:ap-northeast-1:471112951833:amsdtyktxi/*/makeMove",
            "statement_id": "AllowGameExecutionFromAPIGateway",
            "statement_id_prefix": ""
          },
          "sensitive_attributes": [],
          "private": "bnVsbA==",
          "dependencies": [
            "aws_apigatewayv2_api.hackz_ichthyo_websocket",
            "aws_dynamodb_table.game_service",
            "aws_iam_role.lambda_websocket_role",
            "aws_lambda_function.hackz_ichthyo_game_handler",
            "data.archive_file.lambda_game_zip",
            "data.aws_caller_identity.current",
            "data.aws_region.current"
          ]
        }
      ]
    },
    {
      "mode": "managed",
      "type": "aws_lambda_permission",
      "name": "matchmaking_handler",
      "provider": "provider[\"registry.terraform.io/hashicorp/aws\"]",
      "instances": [
        {
          "schema_version": 0,
          "attributes": {
            "action": "lambda:InvokeFunction",
            "event_source_token": null,
            "function_name": "hackz-ichthyo-websocket-matchmaking",
            "function_url_auth_type": null,
            "id": "AllowMatchmakingExecutionFromAPIGateway",
            "principal": "apigateway.amazonaws.com",
            "principal_org_id": null,
            "qualifier": "",
            "source_account": null,
            "source_arn": "arn:aws:execute-api:ap-northeast-1:471112951833:amsdtyktxi/*/joinGame",
            "statement_id": "AllowMatchmakingExecutionFromAPIGateway",
            "statement_id_prefix": ""
          },
          "sensitive_attributes": [],
          "private": "bnVsbA==",
          "dependencies": [
            "aws_apigatewayv2_api.hackz_ichthyo_websocket",
            "aws_dynamodb_table.game_service",
            "aws_iam_role.lambda_websocket_role",
            "aws_lambda_function.hackz_ichthyo_matchmaking_handler",
            "data.archive_file.lambda_matchmaking_zip",
            "data.aws_caller_identity.current",
            "data.aws_region.current"
          ]
        }
      ]
    },
    {
      "mode": "managed",
      "type": "aws_route",
      "name": "hackz_ichthyo_route",
      "provider": "provider[\"registry.terraform.io/hashicorp/aws\"]",
      "instances": [
        {
          "schema_version": 0,
          "attributes": {
            "carrier_gateway_id": "",
            "core_network_arn": "",
            "destination_cidr_block": "0.0.0.0/0",
            "destination_ipv6_cidr_block": "",
            "destination_prefix_list_id": "",
            "egress_only_gateway_id": "",
            "gateway_id": "igw-06fe338b734bf2e18",
            "id": "r-rtb-00229de3cd8c6d5951080289494",
            "instance_id": "",
            "instance_owner_id": "",
            "local_gateway_id": "",
            "nat_gateway_id": "",
            "network_interface_id": "",
            "origin": "CreateRoute",
            "route_table_id": "rtb-00229de3cd8c6d595",
            "state": "active",
            "timeouts": null,
            "transit_gateway_id": "",
            "vpc_endpoint_id": "",
            "vpc_peering_connection_id": ""
          },
          "sensitive_attributes": [],
          "private": "eyJlMmJmYjczMC1lY2FhLTExZTYtOGY4OC0zNDM2M2JjN2M0YzAiOnsiY3JlYXRlIjozMDAwMDAwMDAwMDAsImRlbGV0ZSI6MzAwMDAwMDAwMDAwLCJ1cGRhdGUiOjEyMDAwMDAwMDAwMH19",
          "dependencies": [
            "aws_internet_gateway.hackz_ichthyo_igw",
            "aws_route_table.hackz_ichthyo_route_table",
            "aws_vpc.hackz_ichthyo_vpc"
          ]
        }
      ]
    },
    {
      "mode": "managed",
      "type": "aws_route_table",
      "name": "hackz_ichthyo_route_table",
      "provider": "provider[\"registry.terraform.io/hashicorp/aws\"]",
      "instances": [
        {
          "schema_version": 0,
          "attributes": {
            "arn": "arn:aws:ec2:ap-northeast-1:471112951833:route-table/rtb-00229de3cd8c6d595",
            "id": "rtb-00229de3cd8c6d595",
            "owner_id": "471112951833",
            "propagating_vgws": [],
            "route": [
              {
                "carrier_gateway_id": "",
                "cidr_block": "0.0.0.0/0",
                "core_network_arn": "",
                "destination_prefix_list_id": "",
                "egress_only_gateway_id": "",
                "gateway_id": "igw-06fe338b734bf2e18",
                "ipv6_cidr_block": "",
                "local_gateway_id": "",
                "nat_gateway_id": "",
                "network_interface_id": "",
                "transit_gateway_id": "",
                "vpc_endpoint_id": "",
                "vpc_peering_connection_id": ""
              }
            ],
            "tags": {
              "Name": "hackz-ichthyo-route-table"
            },
            "tags_all": {
              "Name": "hackz-ichthyo-route-table"
            },
            "timeouts": null,
            "vpc_id": "vpc-01795d2579227bbdb"
          },
          "sensitive_attributes": [],
          "private": "eyJlMmJmYjczMC1lY2FhLTExZTYtOGY4OC0zNDM2M2JjN2M0YzAiOnsiY3JlYXRlIjozMDAwMDAwMDAwMDAsImRlbGV0ZSI6MzAwMDAwMDAwMDAwLCJ1cGRhdGUiOjEyMDAwMDAwMDAwMH19",
          "dependencies": [
            "aws_vpc.hackz_ichthyo_vpc"
          ]
        }
      ]
    },
    {
      "mode": "managed",
      "type": "aws_route_table_association",
      "name": "hackz_ichthyo_public_route",
      "provider": "provider[\"registry.terraform.io/hashicorp/aws\"]",
      "instances": [
        {
          "schema_version": 0,
          "attributes": {
            "gateway_id": "",
            "id": "rtbassoc-0a17b00ea9c692478",
            "route_table_id": "rtb-00229de3cd8c6d595",
            "subnet_id": "subnet-0080a133424f89abc",
            "timeouts": null
          },
          "sensitive_attributes": [],
          "private": "eyJlMmJmYjczMC1lY2FhLTExZTYtOGY4OC0zNDM2M2JjN2M0YzAiOnsiY3JlYXRlIjozMDAwMDAwMDAwMDAsImRlbGV0ZSI6MzAwMDAwMDAwMDAwLCJ1cGRhdGUiOjEyMDAwMDAwMDAwMH19",
          "dependencies": [
            "aws_route_table.hackz_ichthyo_route_table",
            "aws_subnet.hackz_ichthyo_subnet_public",
            "aws_vpc.hackz_ichthyo_vpc"
          ]
        }
      ]
    },
    {
      "mode": "managed",
      "type": "aws_s3_bucket",
      "name": "hackz_ichthyo_bucket",
      "provider": "provider[\"registry.terraform.io/hashicorp/aws\"]",
      "instances": [
        {
          "schema_version": 0,
          "attributes": {
            "acceleration_status": "",
            "acl": null,
            "arn": "arn:aws:s3:::hackz-ichthyo-bucket",
            "bucket": "hackz-ichthyo-bucket",
            "bucket_domain_name": "hackz-ichthyo-bucket.s3.amazonaws.com",
            "bucket_prefix": "",
            "bucket_regional_domain_name": "hackz-ichthyo-bucket.s3.ap-northeast-1.amazonaws.com",
            "cors_rule": [],
            "force_destroy": false,
            "grant": [
              {
                "id": "51bdd2d63d9af66d6e4049206cebd3fe68e0f9452e2157cf30bf09afd32ade5a",
                "permissions": [
                  "FULL_CONTROL"
                ],
                "type": "CanonicalUser",
                "uri": ""
              }
            ],
            "hosted_zone_id": "Z2M4EHUR26P7ZW",
            "id": "hackz-ichthyo-bucket",
            "lifecycle_rule": [],
            "logging": [],
            "object_lock_configuration": [],
            "object_lock_enabled": false,
            "policy": "{\"Statement\":[{\"Action\":\"s3:GetObject\",\"Condition\":{\"StringEquals\":{\"aws:SourceArn\":\"arn:aws:cloudfront::471112951833:distribution/E1GTK3X6U8VI3K\"}},\"Effect\":\"Allow\",\"Principal\":{\"Service\":\"cloudfront.amazonaws.com\"},\"Resource\":[\"arn:aws:s3:::hackz-ichthyo-bucket/*\",\"arn:aws:s3:::hackz-ichthyo-bucket\"]}],\"Version\":\"2012-10-17\"}",
            "region": "ap-northeast-1",
            "replication_configuration": [],
            "request_payer": "BucketOwner",
            "server_side_encryption_configuration": [
              {
                "rule": [
                  {
                    "apply_server_side_encryption_by_default": [
                      {
                        "kms_master_key_id": "",
                        "sse_algorithm": "AES256"
                      }
                    ],
                    "bucket_key_enabled": false
                  }
                ]
              }
            ],
            "tags": {},
            "tags_all": {},
            "timeouts": null,
            "versioning": [
              {
                "enabled": false,
                "mfa_delete": false
              }
            ],
            "website": [],
            "website_domain": null,
            "website_endpoint": null
          },
          "sensitive_attributes": [],
          "private": "eyJlMmJmYjczMC1lY2FhLTExZTYtOGY4OC0zNDM2M2JjN2M0YzAiOnsiY3JlYXRlIjoxMjAwMDAwMDAwMDAwLCJkZWxldGUiOjM2MDAwMDAwMDAwMDAsInJlYWQiOjEyMDAwMDAwMDAwMDAsInVwZGF0ZSI6MTIwMDAwMDAwMDAwMH19"
        }
      ]
    },
    {
      "mode": "managed",
      "type": "aws_s3_bucket_policy",
      "name": "policy",
      "provider": "provider[\"registry.terraform.io/hashicorp/aws\"]",
      "instances": [
        {
          "schema_version": 0,
          "attributes": {
            "bucket": "hackz-ichthyo-bucket",
            "id": "hackz-ichthyo-bucket",
            "policy": "{\"Statement\":[{\"Action\":\"s3:GetObject\",\"Condition\":{\"StringEquals\":{\"aws:SourceArn\":\"arn:aws:cloudfront::471112951833:distribution/E1GTK3X6U8VI3K\"}},\"Effect\":\"Allow\",\"Principal\":{\"Service\":\"cloudfront.amazonaws.com\"},\"Resource\":[\"arn:aws:s3:::hackz-ichthyo-bucket/*\",\"arn:aws:s3:::hackz-ichthyo-bucket\"]}],\"Version\":\"2012-10-17\"}"
          },
          "sensitive_attributes": [],
          "private": "bnVsbA==",
          "dependencies": [
            "aws_cloudfront_distribution.hackz_ichthyo_cfront",
            "aws_cloudfront_origin_access_control.hackz_ichthyo_oac",
            "aws_s3_bucket.hackz_ichthyo_bucket",
            "data.aws_iam_policy_document.policy_document"
          ]
        }
      ]
    },
    {
      "mode": "managed",
      "type": "aws_s3_object",
      "name": "hackz_ichthyo_object",
      "provider": "provider[\"registry.terraform.io/hashicorp/aws\"]",
      "instances": [
        {
          "schema_version": 0,
          "attributes": {
            "acl": null,
            "bucket": "hackz-ichthyo-bucket",
            "bucket_key_enabled": false,
            "cache_control": "",
            "content": "",
            "content_base64": null,
            "content_disposition": "",
            "content_encoding": "",
            "content_language": "",
            "content_type": "text/html",
            "etag": "4a72abffc0a7e264210e9c20d5996d5a",
            "force_destroy": false,
            "id": "index.html",
            "key": "index.html",
            "kms_key_id": null,
            "metadata": {},
            "object_lock_legal_hold_status": "",
            "object_lock_mode": "",
            "object_lock_retain_until_date": "",
            "server_side_encryption": "AES256",
            "source": "../app/index.html",
            "source_hash": null,
            "storage_class": "STANDARD",
            "tags": {},
            "tags_all": {},
            "version_id": "",
            "website_redirect": ""
          },
          "sensitive_attributes": [],
          "private": "bnVsbA==",
          "dependencies": [
            "aws_s3_bucket.hackz_ichthyo_bucket"
          ]
        }
      ]
    },
    {
      "mode": "managed",
      "type": "aws_s3_object",
      "name": "main_wasm",
      "provider": "provider[\"registry.terraform.io/hashicorp/aws\"]",
      "instances": [
        {
          "schema_version": 0,
          "attributes": {
            "acl": null,
            "bucket": "hackz-ichthyo-bucket",
            "bucket_key_enabled": false,
            "cache_control": "",
            "content": null,
            "content_base64": null,
            "content_disposition": "",
            "content_encoding": "",
            "content_language": "",
            "content_type": "application/wasm",
            "etag": "78e322552ad71cd1e6523b91a29f7d28-4",
            "force_destroy": false,
            "id": "main.wasm",
            "key": "main.wasm",
            "kms_key_id": null,
            "metadata": {},
            "object_lock_legal_hold_status": "",
            "object_lock_mode": "",
            "object_lock_retain_until_date": "",
            "server_side_encryption": "AES256",
            "source": "../app/main.wasm",
            "source_hash": null,
            "storage_class": "STANDARD",
            "tags": {},
            "tags_all": {},
            "version_id": "",
            "website_redirect": ""
          },
          "sensitive_attributes": [],
          "private": "bnVsbA==",
          "dependencies": [
            "aws_s3_bucket.hackz_ichthyo_bucket"
          ]
        }
      ]
    },
    {
      "mode": "managed",
      "type": "aws_s3_object",
      "name": "wasm_exec_js",
      "provider": "provider[\"registry.terraform.io/hashicorp/aws\"]",
      "instances": [
        {
          "schema_version": 0,
          "attributes": {
            "acl": null,
            "bucket": "hackz-ichthyo-bucket",
            "bucket_key_enabled": false,
            "cache_control": "",
            "content": null,
            "content_base64": null,
            "content_disposition": "",
            "content_encoding": "",
            "content_language": "",
            "content_type": "application/javascript",
            "etag": "b416cdd9bb15da4d272f7195277f0684",
            "force_destroy": false,
            "id": "wasm_exec.js",
            "key": "wasm_exec.js",
            "kms_key_id": null,
            "metadata": {},
            "object_lock_legal_hold_status": "",
            "object_lock_mode": "",
            "object_lock_retain_until_date": "",
            "server_side_encryption": "AES256",
            "source": "../app/wasm_exec.js",
            "source_hash": null,
            "storage_class": "STANDARD",
            "tags": {},
            "tags_all": {},
            "version_id": "",
            "website_redirect": ""
          },
          "sensitive_attributes": [],
          "private": "bnVsbA==",
          "dependencies": [
            "aws_s3_bucket.hackz_ichthyo_bucket"
          ]
        }
      ]
    },
    {
      "mode": "managed",
      "type": "aws_security_group",
      "name": "hackz_ichthyo_sg",
      "provider": "provider[\"registry.terraform.io/hashicorp/aws\"]",
      "instances": [
        {
          "schema_version": 1,
          "attributes": {
            "arn": "arn:aws:ec2:ap-northeast-1:471112951833:security-group/sg-0aa448b465683cdce",
            "description": "hackz-ichthyo-sg",
            "egress": [
              {
                "cidr_blocks": [
                  "0.0.0.0/0"
                ],
                "description": "",
                "from_port": 0,
                "ipv6_cidr_blocks": [],
                "prefix_list_ids": [],
                "protocol": "-1",
                "security_groups": [],
                "self": false,
                "to_port": 0
              }
            ],
            "id": "sg-0aa448b465683cdce",
            "ingress": [
              {
                "cidr_blocks": [
                  "0.0.0.0/0"
                ],
                "description": "",
                "from_port": 3000,
                "ipv6_cidr_blocks": [],
                "prefix_list_ids": [],
                "protocol": "tcp",
                "security_groups": [],
                "self": false,
                "to_port": 3000
              }
            ],
            "name": "hackz-ichthyo-sg",
            "name_prefix": "",
            "owner_id": "471112951833",
            "revoke_rules_on_delete": false,
            "tags": {
              "Name": "hackz-ichthyo-ec2-sg"
            },
            "tags_all": {
              "Name": "hackz-ichthyo-ec2-sg"
            },
            "timeouts": null,
            "vpc_id": "vpc-01795d2579227bbdb"
          },
          "sensitive_attributes": [],
          "private": "eyJlMmJmYjczMC1lY2FhLTExZTYtOGY4OC0zNDM2M2JjN2M0YzAiOnsiY3JlYXRlIjo2MDAwMDAwMDAwMDAsImRlbGV0ZSI6OTAwMDAwMDAwMDAwfSwic2NoZW1hX3ZlcnNpb24iOiIxIn0=",
          "dependencies": [
            "aws_vpc.hackz_ichthyo_vpc"
          ]
        }
      ]
    },
    {
      "mode": "managed",
      "type": "aws_security_group_rule",
      "name": "hackz_ichthyo_rule_egress",
      "provider": "provider[\"registry.terraform.io/hashicorp/aws\"]",
      "instances": [
        {
          "schema_version": 2,
          "attributes": {
            "cidr_blocks": [
              "0.0.0.0/0"
            ],
            "description": "",
            "from_port": 0,
            "id": "sgrule-3010762872",
            "ipv6_cidr_blocks": null,
            "prefix_list_ids": null,
            "protocol": "-1",
            "security_group_id": "sg-0aa448b465683cdce",
            "security_group_rule_id": "sgr-0f8ea2a72febe9312",
            "self": false,
            "source_security_group_id": null,
            "timeouts": null,
            "to_port": 0,
            "type": "egress"
          },
          "sensitive_attributes": [],
          "private": "eyJlMmJmYjczMC1lY2FhLTExZTYtOGY4OC0zNDM2M2JjN2M0YzAiOnsiY3JlYXRlIjozMDAwMDAwMDAwMDB9LCJzY2hlbWFfdmVyc2lvbiI6IjIifQ==",
          "dependencies": [
            "aws_security_group.hackz_ichthyo_sg",
            "aws_vpc.hackz_ichthyo_vpc"
          ]
        }
      ]
    },
    {
      "mode": "managed",
      "type": "aws_security_group_rule",
      "name": "hackz_ichthyo_rule_ingress",
      "provider": "provider[\"registry.terraform.io/hashicorp/aws\"]",
      "instances": [
        {
          "schema_version": 2,
          "attributes": {
            "cidr_blocks": [
              "0.0.0.0/0"
            ],
            "description": "",
            "from_port": 3000,
            "id": "sgrule-3481660804",
            "ipv6_cidr_blocks": null,
            "prefix_list_ids": null,
            "protocol": "tcp",
            "security_group_id": "sg-0aa448b465683cdce",
            "security_group_rule_id": "sgr-07f2197278725afc3",
            "self": false,
            "source_security_group_id": null,
            "timeouts": null,
            "to_port": 3000,
            "type": "ingress"
          },
          "sensitive_attributes": [],
          "private": "eyJlMmJmYjczMC1lY2FhLTExZTYtOGY4OC0zNDM2M2JjN2M0YzAiOnsiY3JlYXRlIjozMDAwMDAwMDAwMDB9LCJzY2hlbWFfdmVyc2lvbiI6IjIifQ==",
          "dependencies": [
            "aws_security_group.hackz_ichthyo_sg",
            "aws_vpc.hackz_ichthyo_vpc"
          ]
        }
      ]
    },
    {
      "mode": "managed",
      "type": "aws_subnet",
      "name": "hackz_ichthyo_subnet_public",
      "provider": "provider[\"registry.terraform.io/hashicorp/aws\"]",
      "instances": [
        {
          "schema_version": 1,
          "attributes": {
            "arn": "arn:aws:ec2:ap-northeast-1:471112951833:subnet/subnet-0080a133424f89abc",
            "assign_ipv6_address_on_creation": false,
            "availability_zone": "ap-northeast-1a",
            "availability_zone_id": "apne1-az4",
            "cidr_block": "10.0.1.0/24",
            "customer_owned_ipv4_pool": "",
            "enable_dns64": false,
            "enable_lni_at_device_index": 0,
            "enable_resource_name_dns_a_record_on_launch": false,
            "enable_resource_name_dns_aaaa_record_on_launch": false,
            "id": "subnet-0080a133424f89abc",
            "ipv6_cidr_block": "",
            "ipv6_cidr_block_association_id": "",
            "ipv6_native": false,
            "map_customer_owned_ip_on_launch": false,
            "map_public_ip_on_launch": true,
            "outpost_arn": "",
            "owner_id": "471112951833",
            "private_dns_hostname_type_on_launch": "ip-name",
            "tags": {
              "Name": "hackz-ichthyo-subnet-public",
              "Roles": "subnet"
            },
            "tags_all": {
              "Name": "hackz-ichthyo-subnet-public",
              "Roles": "subnet"
            },
            "timeouts": null,
            "vpc_id": "vpc-01795d2579227bbdb"
          },
          "sensitive_attributes": [],
          "private": "eyJlMmJmYjczMC1lY2FhLTExZTYtOGY4OC0zNDM2M2JjN2M0YzAiOnsiY3JlYXRlIjo2MDAwMDAwMDAwMDAsImRlbGV0ZSI6MTIwMDAwMDAwMDAwMH0sInNjaGVtYV92ZXJzaW9uIjoiMSJ9",
          "dependencies": [
            "aws_vpc.hackz_ichthyo_vpc"
          ]
        }
      ]
    },
    {
      "mode": "managed",
      "type": "aws_vpc",
      "name": "hackz_ichthyo_vpc",
      "provider": "provider[\"registry.terraform.io/hashicorp/aws\"]",
      "instances": [
        {
          "schema_version": 1,
          "attributes": {
            "arn": "arn:aws:ec2:ap-northeast-1:471112951833:vpc/vpc-01795d2579227bbdb",
            "assign_generated_ipv6_cidr_block": false,
            "cidr_block": "10.0.0.0/16",
            "default_network_acl_id": "acl-04f1a3f10639113be",
            "default_route_table_id": "rtb-07c82e9b7490e55e8",
            "default_security_group_id": "sg-0ade926b794a60217",
            "dhcp_options_id": "dopt-0e898cbee8adfb586",
            "enable_dns_hostnames": true,
            "enable_dns_support": true,
            "enable_network_address_usage_metrics": false,
            "id": "vpc-01795d2579227bbdb",
            "instance_tenancy": "default",
            "ipv4_ipam_pool_id": null,
            "ipv4_netmask_length": null,
            "ipv6_association_id": "",
            "ipv6_cidr_block": "",
            "ipv6_cidr_block_network_border_group": "",
            "ipv6_ipam_pool_id": "",
            "ipv6_netmask_length": 0,
            "main_route_table_id": "rtb-07c82e9b7490e55e8",
            "owner_id": "471112951833",
            "tags": {
              "Name": "hackz-ichthyo-vpc",
              "Roles": "vpc"
            },
            "tags_all": {
              "Name": "hackz-ichthyo-vpc",
              "Roles": "vpc"
            }
          },
          "sensitive_attributes": [],
          "private": "eyJzY2hlbWFfdmVyc2lvbiI6IjEifQ=="
        }
      ]
    }
  ],
  "check_results": null
}
